// !$*UTF8*$!
{
	archiveVersion = 1;
	classes = {
	};
	objectVersion = 48;
	objects = {

/* Begin PBXBuildFile section */
		1901703D200BA55D00E21080 /* HomePageViewController.swift in Sources */ = {isa = PBXBuildFile; fileRef = 1901703C200BA55D00E21080 /* HomePageViewController.swift */; };
		19017040200BA65F00E21080 /* HomePageModel.swift in Sources */ = {isa = PBXBuildFile; fileRef = 1901703F200BA65F00E21080 /* HomePageModel.swift */; };
		19017047200BD68600E21080 /* UserRentingRequestsTableViewCell.swift in Sources */ = {isa = PBXBuildFile; fileRef = 19017046200BD68600E21080 /* UserRentingRequestsTableViewCell.swift */; };
		19017049200BE7B000E21080 /* RequestProcessingProtocol.swift in Sources */ = {isa = PBXBuildFile; fileRef = 19017048200BE7B000E21080 /* RequestProcessingProtocol.swift */; };
		190DB08C1FBF30E90027F5CD /* Filter.swift in Sources */ = {isa = PBXBuildFile; fileRef = 190DB08B1FBF30E90027F5CD /* Filter.swift */; };
		191BBBA11FB5078A00D95B26 /* FilterViewController.swift in Sources */ = {isa = PBXBuildFile; fileRef = 191BBBA01FB5078A00D95B26 /* FilterViewController.swift */; };
		191DABB11FF00F7000EB0070 /* Time.swift in Sources */ = {isa = PBXBuildFile; fileRef = 191DABB01FF00F7000EB0070 /* Time.swift */; };
		1922178D1FBDA5BE00D7FDFE /* Fuel.swift in Sources */ = {isa = PBXBuildFile; fileRef = 1922178C1FBDA5BE00D7FDFE /* Fuel.swift */; };
		19380CBA1FD5A29B0057A6D2 /* VehicleType.swift in Sources */ = {isa = PBXBuildFile; fileRef = 19380CB91FD5A29A0057A6D2 /* VehicleType.swift */; };
		193966C11FF57BED008C76A8 /* Rate.storyboard in Resources */ = {isa = PBXBuildFile; fileRef = 193966C01FF57BED008C76A8 /* Rate.storyboard */; };
		193966C41FF57EDE008C76A8 /* RateViewController.swift in Sources */ = {isa = PBXBuildFile; fileRef = 193966C31FF57EDE008C76A8 /* RateViewController.swift */; };
		194769231FC8480000AB02E4 /* SearchResultsViewController.swift in Sources */ = {isa = PBXBuildFile; fileRef = 194769221FC8480000AB02E4 /* SearchResultsViewController.swift */; };
		194769251FC848C800AB02E4 /* SearchResultsTableViewCell.swift in Sources */ = {isa = PBXBuildFile; fileRef = 194769241FC848C800AB02E4 /* SearchResultsTableViewCell.swift */; };
		1949C5941FC9D05800C5FD91 /* Gear.swift in Sources */ = {isa = PBXBuildFile; fileRef = 1949C5931FC9D05800C5FD91 /* Gear.swift */; };
		194C2E9A1FE7C44200E34EF8 /* SelectableItem.swift in Sources */ = {isa = PBXBuildFile; fileRef = 194C2E991FE7C44200E34EF8 /* SelectableItem.swift */; };
		19636A0C2015490700423927 /* RatingProtocol.swift in Sources */ = {isa = PBXBuildFile; fileRef = 19636A0B2015490700423927 /* RatingProtocol.swift */; };
		196FD4ED1FAFC0F0000875AE /* Offering.swift in Sources */ = {isa = PBXBuildFile; fileRef = 196FD4EA1FAFC0F0000875AE /* Offering.swift */; };
		196FD4EE1FAFC0F0000875AE /* CarTableViewCell.swift in Sources */ = {isa = PBXBuildFile; fileRef = 196FD4EB1FAFC0F0000875AE /* CarTableViewCell.swift */; };
		19714D411FF6419100067565 /* RateModel.swift in Sources */ = {isa = PBXBuildFile; fileRef = 19714D401FF6419100067565 /* RateModel.swift */; };
		198A33B5201BD5DF004BDCE4 /* DateHelper.swift in Sources */ = {isa = PBXBuildFile; fileRef = 198A33B4201BD5DF004BDCE4 /* DateHelper.swift */; };
		199A68651FFD027A00047E5D /* CustomCell.swift in Sources */ = {isa = PBXBuildFile; fileRef = 199A68641FFD027A00047E5D /* CustomCell.swift */; };
		199A68671FFD03FE00047E5D /* SearchViewController.swift in Sources */ = {isa = PBXBuildFile; fileRef = 199A68661FFD03FE00047E5D /* SearchViewController.swift */; };
		199BFDA61FC1CB81002A0101 /* SearchModel.swift in Sources */ = {isa = PBXBuildFile; fileRef = 199BFDA51FC1CB81002A0101 /* SearchModel.swift */; };
		19A3F8621FF5AAEE00FA2D95 /* Rating.swift in Sources */ = {isa = PBXBuildFile; fileRef = 19A3F8611FF5AAEE00FA2D95 /* Rating.swift */; };
		19A7FA7A1FD2D2C900FA7C8D /* Renting.swift in Sources */ = {isa = PBXBuildFile; fileRef = 19A7FA791FD2D2C900FA7C8D /* Renting.swift */; };
		19AFCF1F200A287400758E91 /* MenuControl.swift in Sources */ = {isa = PBXBuildFile; fileRef = 19AFCF1E200A287400758E91 /* MenuControl.swift */; };
		19BBB891200A57B500723339 /* ChatBotViewController.swift in Sources */ = {isa = PBXBuildFile; fileRef = 19BBB890200A57B500723339 /* ChatBotViewController.swift */; };
		19BF06421FEA83D700E495C2 /* ViewController.swift in Sources */ = {isa = PBXBuildFile; fileRef = 19BF06411FEA83D700E495C2 /* ViewController.swift */; };
		19BF06441FEA84A500E495C2 /* MessageHandler.swift in Sources */ = {isa = PBXBuildFile; fileRef = 19BF06431FEA84A500E495C2 /* MessageHandler.swift */; };
		19BF06481FEA853C00E495C2 /* LaunchScreen.storyboard in Resources */ = {isa = PBXBuildFile; fileRef = 19BF06461FEA853B00E495C2 /* LaunchScreen.storyboard */; };
		19C31D8720027A8D004534F0 /* DictionaryConvertibleStatic.swift in Sources */ = {isa = PBXBuildFile; fileRef = 19C31D8620027A8D004534F0 /* DictionaryConvertibleStatic.swift */; };
		19C9E9AB1FB1A4BE002F4C84 /* StorageAPI.swift in Sources */ = {isa = PBXBuildFile; fileRef = 19C9E9AA1FB1A4BE002F4C84 /* StorageAPI.swift */; };
		19CB76FC1FD44E8C00B291CE /* DBConstants.swift in Sources */ = {isa = PBXBuildFile; fileRef = 19CB76FB1FD44E8C00B291CE /* DBConstants.swift */; };
		19CE072C1FC41C250087E958 /* Brand.swift in Sources */ = {isa = PBXBuildFile; fileRef = 19CE072B1FC41C250087E958 /* Brand.swift */; };
		19D4126B1FB707D500794F1F /* Feature.swift in Sources */ = {isa = PBXBuildFile; fileRef = 19D4126A1FB707D500794F1F /* Feature.swift */; };
		19D87BF22018B83C00FCB93D /* YouRented.swift in Sources */ = {isa = PBXBuildFile; fileRef = 19D87BF12018B83C00FCB93D /* YouRented.swift */; };
		19E458EE20178A0B00B45E7F /* RentingEventType.swift in Sources */ = {isa = PBXBuildFile; fileRef = 19E458ED20178A0B00B45E7F /* RentingEventType.swift */; };
		19E458F020178A5500B45E7F /* RentingEvent.swift in Sources */ = {isa = PBXBuildFile; fileRef = 19E458EF20178A5500B45E7F /* RentingEvent.swift */; };
		19E458F220178D4000B45E7F /* SomebodyRented.swift in Sources */ = {isa = PBXBuildFile; fileRef = 19E458F120178D4000B45E7F /* SomebodyRented.swift */; };
		19E8583E2018E6CB007F17F2 /* SomebodyRentedTableViewCell.swift in Sources */ = {isa = PBXBuildFile; fileRef = 19E8583D2018E6CB007F17F2 /* SomebodyRentedTableViewCell.swift */; };
		19EE2B931FD9F05B004674F0 /* DictionaryConvertibleEditable.swift in Sources */ = {isa = PBXBuildFile; fileRef = 19EE2B921FD9F05B004674F0 /* DictionaryConvertibleEditable.swift */; };
		19EE8F352006A40700204C73 /* CoordinatePoint.swift in Sources */ = {isa = PBXBuildFile; fileRef = 19EE8F342006A40700204C73 /* CoordinatePoint.swift */; };
		2AA80B1C2014C8F700B778C6 /* ChatBot.storyboard in Resources */ = {isa = PBXBuildFile; fileRef = 2AA80B1B2014C8F700B778C6 /* ChatBot.storyboard */; };
		2AD4E9481FA8A2250013D67E /* AppDelegate.swift in Sources */ = {isa = PBXBuildFile; fileRef = 2AD4E9471FA8A2250013D67E /* AppDelegate.swift */; };
		2AD4E9501FA8A2250013D67E /* ios.xcdatamodeld in Sources */ = {isa = PBXBuildFile; fileRef = 2AD4E94E1FA8A2250013D67E /* ios.xcdatamodeld */; };
		2AD4E9521FA8A2250013D67E /* Assets.xcassets in Resources */ = {isa = PBXBuildFile; fileRef = 2AD4E9511FA8A2250013D67E /* Assets.xcassets */; };
		2AD4E9601FA8A2260013D67E /* iosTests.swift in Sources */ = {isa = PBXBuildFile; fileRef = 2AD4E95F1FA8A2260013D67E /* iosTests.swift */; };
		2AD4E96B1FA8A2260013D67E /* iosUITests.swift in Sources */ = {isa = PBXBuildFile; fileRef = 2AD4E96A1FA8A2260013D67E /* iosUITests.swift */; };
		2AD4E97C1FA8AA2D0013D67E /* Profil.png in Resources */ = {isa = PBXBuildFile; fileRef = 2AD4E97B1FA8AA2D0013D67E /* Profil.png */; };
		2AD4E97E1FA8AA3B0013D67E /* HomePicture.jpg in Resources */ = {isa = PBXBuildFile; fileRef = 2AD4E97D1FA8AA3B0013D67E /* HomePicture.jpg */; };
		2AD4E9801FA8AA580013D67E /* Hintergrund.jpg in Resources */ = {isa = PBXBuildFile; fileRef = 2AD4E97F1FA8AA580013D67E /* Hintergrund.jpg */; };
		772322A2201CF34A00FF0FB7 /* PopUpViewController.swift in Sources */ = {isa = PBXBuildFile; fileRef = 772322A1201CF34A00FF0FB7 /* PopUpViewController.swift */; };
		772322A4201CF9D000FF0FB7 /* OpenPictureViewController.swift in Sources */ = {isa = PBXBuildFile; fileRef = 772322A3201CF9D000FF0FB7 /* OpenPictureViewController.swift */; };
		772A6A4C2014F53E0071F7E8 /* Main.storyboard in Resources */ = {isa = PBXBuildFile; fileRef = 772A6A4B2014F53E0071F7E8 /* Main.storyboard */; };
		7734A9A01FD6F2520013A923 /* ChatWindowVC.swift in Sources */ = {isa = PBXBuildFile; fileRef = 7734A99F1FD6F2520013A923 /* ChatWindowVC.swift */; };
		7734A9A41FD6F2750013A923 /* User.swift in Sources */ = {isa = PBXBuildFile; fileRef = 7734A9A31FD6F2750013A923 /* User.swift */; };
		774EB4F71FD6F8F000FE1FBF /* ChatStoryboard.storyboard in Resources */ = {isa = PBXBuildFile; fileRef = 774EB4F61FD6F8EF00FE1FBF /* ChatStoryboard.storyboard */; };
		77AA41D820137A6F00E7AFDA /* GoogleService-Info.plist in Resources */ = {isa = PBXBuildFile; fileRef = 77AA41D720137A6F00E7AFDA /* GoogleService-Info.plist */; };
		840424C5200CC2C100D2EBA4 /* RatingsCollectionViewCell.swift in Sources */ = {isa = PBXBuildFile; fileRef = 840424C4200CC2C100D2EBA4 /* RatingsCollectionViewCell.swift */; };
		840424C7200CCC5E00D2EBA4 /* ProfileUsersOffersCollectionViewCell.swift in Sources */ = {isa = PBXBuildFile; fileRef = 840424C6200CCC5E00D2EBA4 /* ProfileUsersOffersCollectionViewCell.swift */; };
		8409DEDC201CC01A001043BF /* YouRentedTableViewCell.swift in Sources */ = {isa = PBXBuildFile; fileRef = 8409DEDB201CC01A001043BF /* YouRentedTableViewCell.swift */; };
		8409DEE0201CC6AA001043BF /* Search.storyboard in Resources */ = {isa = PBXBuildFile; fileRef = 8409DEDF201CC6AA001043BF /* Search.storyboard */; };
		8409DEE4201CC889001043BF /* HomePage.storyboard in Resources */ = {isa = PBXBuildFile; fileRef = 8409DEE3201CC889001043BF /* HomePage.storyboard */; };
		840D63BE1FE9A4B7007A1F16 /* Advertise.storyboard in Resources */ = {isa = PBXBuildFile; fileRef = 840D63BD1FE9A4B7007A1F16 /* Advertise.storyboard */; };
		840D63C01FE9A4BE007A1F16 /* AvailibilityCalendarCell.swift in Sources */ = {isa = PBXBuildFile; fileRef = 840D63BF1FE9A4BE007A1F16 /* AvailibilityCalendarCell.swift */; };
		840D63C21FE9A4C2007A1F16 /* AdvertisePagesVC.swift in Sources */ = {isa = PBXBuildFile; fileRef = 840D63C11FE9A4C1007A1F16 /* AdvertisePagesVC.swift */; };
		840D63C61FE9A4CB007A1F16 /* AdvertiseFeaturesCollectionViewCell.swift in Sources */ = {isa = PBXBuildFile; fileRef = 840D63C51FE9A4CB007A1F16 /* AdvertiseFeaturesCollectionViewCell.swift */; };
		840D63C91FE9A534007A1F16 /* OfferingViewController.swift in Sources */ = {isa = PBXBuildFile; fileRef = 840D63C81FE9A534007A1F16 /* OfferingViewController.swift */; };
		840D63CB1FE9A566007A1F16 /* Offering.storyboard in Resources */ = {isa = PBXBuildFile; fileRef = 840D63CA1FE9A565007A1F16 /* Offering.storyboard */; };
		840D63CE1FE9A56C007A1F16 /* BasicDataCollectionViewCell.swift in Sources */ = {isa = PBXBuildFile; fileRef = 840D63CC1FE9A56C007A1F16 /* BasicDataCollectionViewCell.swift */; };
		840D63CF1FE9A56C007A1F16 /* FeaturesCollectionViewCell.swift in Sources */ = {isa = PBXBuildFile; fileRef = 840D63CD1FE9A56C007A1F16 /* FeaturesCollectionViewCell.swift */; };
		840D63D51FE9A746007A1F16 /* CarLocation.swift in Sources */ = {isa = PBXBuildFile; fileRef = 840D63D41FE9A746007A1F16 /* CarLocation.swift */; };
		840E94B7201A3D2100CCDBC8 /* circleImages.swift in Sources */ = {isa = PBXBuildFile; fileRef = 840E94B6201A3D2100CCDBC8 /* circleImages.swift */; };
		841D10841FF3DC9900960FA3 /* AdvertisePageContentPhoto.swift in Sources */ = {isa = PBXBuildFile; fileRef = 841D10831FF3DC9900960FA3 /* AdvertisePageContentPhoto.swift */; };
		841D10861FF3DCAA00960FA3 /* AdvertisePageContentBasicDetails.swift in Sources */ = {isa = PBXBuildFile; fileRef = 841D10851FF3DCAA00960FA3 /* AdvertisePageContentBasicDetails.swift */; };
		843107BE2012986F00DE06CE /* Profile.storyboard in Resources */ = {isa = PBXBuildFile; fileRef = 843107BD2012986F00DE06CE /* Profile.storyboard */; };
		845AD974200903FE0037D053 /* BlockedDay.swift in Sources */ = {isa = PBXBuildFile; fileRef = 845AD973200903FE0037D053 /* BlockedDay.swift */; };
		847D337B2002A53D00493402 /* ShowOffer.swift in Sources */ = {isa = PBXBuildFile; fileRef = 847D337A2002A53D00493402 /* ShowOffer.swift */; };
		848486F01FFC4395008F7DAF /* Availibility.swift in Sources */ = {isa = PBXBuildFile; fileRef = 848486EF1FFC4395008F7DAF /* Availibility.swift */; };
		849F46FB200D08D6001C216C /* UserVC.swift in Sources */ = {isa = PBXBuildFile; fileRef = 849F46FA200D08D6001C216C /* UserVC.swift */; };
		84BD53FD2005290900BE9790 /* AdvertiseHelper.swift in Sources */ = {isa = PBXBuildFile; fileRef = 84BD53FC2005290900BE9790 /* AdvertiseHelper.swift */; };
		84D95BAD2007E7E900EAB8D7 /* AvailibilityAndBookingViewController.swift in Sources */ = {isa = PBXBuildFile; fileRef = 84D95BAC2007E7E900EAB8D7 /* AvailibilityAndBookingViewController.swift */; };
		84FB20BA1FFFD78300E351C1 /* Advertise.swift in Sources */ = {isa = PBXBuildFile; fileRef = 84FB20B91FFFD78300E351C1 /* Advertise.swift */; };
		84FC9CF5200C0C5C001B2B2B /* ProfileViewController.swift in Sources */ = {isa = PBXBuildFile; fileRef = 84FC9CF4200C0C5C001B2B2B /* ProfileViewController.swift */; };
		84FD43761FF52C9E00CB546C /* AdvertisePageContentFeatures.swift in Sources */ = {isa = PBXBuildFile; fileRef = 84FD43751FF52C9E00CB546C /* AdvertisePageContentFeatures.swift */; };
		84FD43781FF52CB600CB546C /* AdvertisePageConentAvailibilityCalendar.swift in Sources */ = {isa = PBXBuildFile; fileRef = 84FD43771FF52CB600CB546C /* AdvertisePageConentAvailibilityCalendar.swift */; };
		84FD437A1FF52CCD00CB546C /* AdvertisePageContentPickup.swift in Sources */ = {isa = PBXBuildFile; fileRef = 84FD43791FF52CCD00CB546C /* AdvertisePageContentPickup.swift */; };
		84FD437C1FF52CDA00CB546C /* AdvertisePageContentDescription.swift in Sources */ = {isa = PBXBuildFile; fileRef = 84FD437B1FF52CDA00CB546C /* AdvertisePageContentDescription.swift */; };
		84FD437E1FF52CE600CB546C /* AdvertisePageContentPublish.swift in Sources */ = {isa = PBXBuildFile; fileRef = 84FD437D1FF52CE600CB546C /* AdvertisePageContentPublish.swift */; };
		84FD74BF2016AD0F00A2286E /* AdvertisePopOverPhotoViewController.swift in Sources */ = {isa = PBXBuildFile; fileRef = 84FD74BE2016AD0F00A2286E /* AdvertisePopOverPhotoViewController.swift */; };
		98A0BF636A32E59CD6D576BF /* Pods_iosUITests.framework in Frameworks */ = {isa = PBXBuildFile; fileRef = 8616A41DB9F1CCF915A5821D /* Pods_iosUITests.framework */; };
		F86E4277C19ADAD120D813E9 /* Pods_iosTests.framework in Frameworks */ = {isa = PBXBuildFile; fileRef = B1A7B27F1D2E2B54D94B6B03 /* Pods_iosTests.framework */; };
		FC3950E4A25D7C3533839C03 /* Pods_ios.framework in Frameworks */ = {isa = PBXBuildFile; fileRef = 8EAB4EE63B31075B3AFDEC81 /* Pods_ios.framework */; };
/* End PBXBuildFile section */

/* Begin PBXContainerItemProxy section */
		2AD4E95C1FA8A2260013D67E /* PBXContainerItemProxy */ = {
			isa = PBXContainerItemProxy;
			containerPortal = 2AD4E93C1FA8A2250013D67E /* Project object */;
			proxyType = 1;
			remoteGlobalIDString = 2AD4E9431FA8A2250013D67E;
			remoteInfo = ios;
		};
		2AD4E9671FA8A2260013D67E /* PBXContainerItemProxy */ = {
			isa = PBXContainerItemProxy;
			containerPortal = 2AD4E93C1FA8A2250013D67E /* Project object */;
			proxyType = 1;
			remoteGlobalIDString = 2AD4E9431FA8A2250013D67E;
			remoteInfo = ios;
		};
/* End PBXContainerItemProxy section */

/* Begin PBXFileReference section */
		1901703C200BA55D00E21080 /* HomePageViewController.swift */ = {isa = PBXFileReference; lastKnownFileType = sourcecode.swift; path = HomePageViewController.swift; sourceTree = "<group>"; };
		1901703F200BA65F00E21080 /* HomePageModel.swift */ = {isa = PBXFileReference; lastKnownFileType = sourcecode.swift; path = HomePageModel.swift; sourceTree = "<group>"; };
		19017046200BD68600E21080 /* UserRentingRequestsTableViewCell.swift */ = {isa = PBXFileReference; lastKnownFileType = sourcecode.swift; path = UserRentingRequestsTableViewCell.swift; sourceTree = "<group>"; };
		19017048200BE7B000E21080 /* RequestProcessingProtocol.swift */ = {isa = PBXFileReference; lastKnownFileType = sourcecode.swift; path = RequestProcessingProtocol.swift; sourceTree = "<group>"; };
		190DB08B1FBF30E90027F5CD /* Filter.swift */ = {isa = PBXFileReference; lastKnownFileType = sourcecode.swift; path = Filter.swift; sourceTree = "<group>"; };
		191BBBA01FB5078A00D95B26 /* FilterViewController.swift */ = {isa = PBXFileReference; lastKnownFileType = sourcecode.swift; path = FilterViewController.swift; sourceTree = "<group>"; };
		191DABB01FF00F7000EB0070 /* Time.swift */ = {isa = PBXFileReference; lastKnownFileType = sourcecode.swift; path = Time.swift; sourceTree = "<group>"; };
		1922178C1FBDA5BE00D7FDFE /* Fuel.swift */ = {isa = PBXFileReference; lastKnownFileType = sourcecode.swift; path = Fuel.swift; sourceTree = "<group>"; };
		19380CB91FD5A29A0057A6D2 /* VehicleType.swift */ = {isa = PBXFileReference; lastKnownFileType = sourcecode.swift; path = VehicleType.swift; sourceTree = "<group>"; };
		193966C01FF57BED008C76A8 /* Rate.storyboard */ = {isa = PBXFileReference; lastKnownFileType = file.storyboard; path = Rate.storyboard; sourceTree = "<group>"; };
		193966C31FF57EDE008C76A8 /* RateViewController.swift */ = {isa = PBXFileReference; lastKnownFileType = sourcecode.swift; path = RateViewController.swift; sourceTree = "<group>"; };
		194769221FC8480000AB02E4 /* SearchResultsViewController.swift */ = {isa = PBXFileReference; lastKnownFileType = sourcecode.swift; path = SearchResultsViewController.swift; sourceTree = "<group>"; };
		194769241FC848C800AB02E4 /* SearchResultsTableViewCell.swift */ = {isa = PBXFileReference; lastKnownFileType = sourcecode.swift; path = SearchResultsTableViewCell.swift; sourceTree = "<group>"; };
		1949C5931FC9D05800C5FD91 /* Gear.swift */ = {isa = PBXFileReference; lastKnownFileType = sourcecode.swift; path = Gear.swift; sourceTree = "<group>"; };
		194C2E991FE7C44200E34EF8 /* SelectableItem.swift */ = {isa = PBXFileReference; lastKnownFileType = sourcecode.swift; path = SelectableItem.swift; sourceTree = "<group>"; };
		19636A0B2015490700423927 /* RatingProtocol.swift */ = {isa = PBXFileReference; lastKnownFileType = sourcecode.swift; path = RatingProtocol.swift; sourceTree = "<group>"; };
		196FD4EA1FAFC0F0000875AE /* Offering.swift */ = {isa = PBXFileReference; fileEncoding = 4; lastKnownFileType = sourcecode.swift; path = Offering.swift; sourceTree = "<group>"; };
		196FD4EB1FAFC0F0000875AE /* CarTableViewCell.swift */ = {isa = PBXFileReference; fileEncoding = 4; lastKnownFileType = sourcecode.swift; path = CarTableViewCell.swift; sourceTree = "<group>"; };
		19714D401FF6419100067565 /* RateModel.swift */ = {isa = PBXFileReference; lastKnownFileType = sourcecode.swift; path = RateModel.swift; sourceTree = "<group>"; };
		198A33B4201BD5DF004BDCE4 /* DateHelper.swift */ = {isa = PBXFileReference; lastKnownFileType = sourcecode.swift; path = DateHelper.swift; sourceTree = "<group>"; };
		199A68641FFD027A00047E5D /* CustomCell.swift */ = {isa = PBXFileReference; lastKnownFileType = sourcecode.swift; path = CustomCell.swift; sourceTree = "<group>"; };
		199A68661FFD03FE00047E5D /* SearchViewController.swift */ = {isa = PBXFileReference; lastKnownFileType = sourcecode.swift; path = SearchViewController.swift; sourceTree = "<group>"; };
		199BFDA51FC1CB81002A0101 /* SearchModel.swift */ = {isa = PBXFileReference; lastKnownFileType = sourcecode.swift; path = SearchModel.swift; sourceTree = "<group>"; };
		19A3F8611FF5AAEE00FA2D95 /* Rating.swift */ = {isa = PBXFileReference; lastKnownFileType = sourcecode.swift; path = Rating.swift; sourceTree = "<group>"; };
		19A7FA791FD2D2C900FA7C8D /* Renting.swift */ = {isa = PBXFileReference; lastKnownFileType = sourcecode.swift; path = Renting.swift; sourceTree = "<group>"; };
		19AFCF1E200A287400758E91 /* MenuControl.swift */ = {isa = PBXFileReference; lastKnownFileType = sourcecode.swift; path = MenuControl.swift; sourceTree = "<group>"; };
		19BBB890200A57B500723339 /* ChatBotViewController.swift */ = {isa = PBXFileReference; lastKnownFileType = sourcecode.swift; path = ChatBotViewController.swift; sourceTree = "<group>"; };
		19BF06411FEA83D700E495C2 /* ViewController.swift */ = {isa = PBXFileReference; fileEncoding = 4; lastKnownFileType = sourcecode.swift; path = ViewController.swift; sourceTree = "<group>"; };
		19BF06431FEA84A500E495C2 /* MessageHandler.swift */ = {isa = PBXFileReference; fileEncoding = 4; lastKnownFileType = sourcecode.swift; path = MessageHandler.swift; sourceTree = "<group>"; };
		19BF06461FEA853B00E495C2 /* LaunchScreen.storyboard */ = {isa = PBXFileReference; fileEncoding = 4; lastKnownFileType = file.storyboard; path = LaunchScreen.storyboard; sourceTree = "<group>"; };
		19C31D8620027A8D004534F0 /* DictionaryConvertibleStatic.swift */ = {isa = PBXFileReference; lastKnownFileType = sourcecode.swift; path = DictionaryConvertibleStatic.swift; sourceTree = "<group>"; };
		19C9E9AA1FB1A4BE002F4C84 /* StorageAPI.swift */ = {isa = PBXFileReference; lastKnownFileType = sourcecode.swift; path = StorageAPI.swift; sourceTree = "<group>"; };
		19CB76FB1FD44E8C00B291CE /* DBConstants.swift */ = {isa = PBXFileReference; lastKnownFileType = sourcecode.swift; path = DBConstants.swift; sourceTree = "<group>"; };
		19CE072B1FC41C250087E958 /* Brand.swift */ = {isa = PBXFileReference; lastKnownFileType = sourcecode.swift; path = Brand.swift; sourceTree = "<group>"; };
		19D4126A1FB707D500794F1F /* Feature.swift */ = {isa = PBXFileReference; lastKnownFileType = sourcecode.swift; path = Feature.swift; sourceTree = "<group>"; };
		19D87BF12018B83C00FCB93D /* YouRented.swift */ = {isa = PBXFileReference; lastKnownFileType = sourcecode.swift; path = YouRented.swift; sourceTree = "<group>"; };
		19E458ED20178A0B00B45E7F /* RentingEventType.swift */ = {isa = PBXFileReference; lastKnownFileType = sourcecode.swift; path = RentingEventType.swift; sourceTree = "<group>"; };
		19E458EF20178A5500B45E7F /* RentingEvent.swift */ = {isa = PBXFileReference; lastKnownFileType = sourcecode.swift; path = RentingEvent.swift; sourceTree = "<group>"; };
		19E458F120178D4000B45E7F /* SomebodyRented.swift */ = {isa = PBXFileReference; lastKnownFileType = sourcecode.swift; path = SomebodyRented.swift; sourceTree = "<group>"; };
		19E8583D2018E6CB007F17F2 /* SomebodyRentedTableViewCell.swift */ = {isa = PBXFileReference; lastKnownFileType = sourcecode.swift; path = SomebodyRentedTableViewCell.swift; sourceTree = "<group>"; };
		19EE2B921FD9F05B004674F0 /* DictionaryConvertibleEditable.swift */ = {isa = PBXFileReference; lastKnownFileType = sourcecode.swift; path = DictionaryConvertibleEditable.swift; sourceTree = "<group>"; };
		19EE8F342006A40700204C73 /* CoordinatePoint.swift */ = {isa = PBXFileReference; lastKnownFileType = sourcecode.swift; path = CoordinatePoint.swift; sourceTree = "<group>"; };
		213DBECC7DCDEFB7A18EE30C /* Pods-ios.debug.xcconfig */ = {isa = PBXFileReference; includeInIndex = 1; lastKnownFileType = text.xcconfig; name = "Pods-ios.debug.xcconfig"; path = "Pods/Target Support Files/Pods-ios/Pods-ios.debug.xcconfig"; sourceTree = "<group>"; };
		2AA80B1B2014C8F700B778C6 /* ChatBot.storyboard */ = {isa = PBXFileReference; lastKnownFileType = file.storyboard; path = ChatBot.storyboard; sourceTree = "<group>"; };
		2AD4E9441FA8A2250013D67E /* ios.app */ = {isa = PBXFileReference; explicitFileType = wrapper.application; includeInIndex = 0; path = ios.app; sourceTree = BUILT_PRODUCTS_DIR; };
		2AD4E9471FA8A2250013D67E /* AppDelegate.swift */ = {isa = PBXFileReference; lastKnownFileType = sourcecode.swift; path = AppDelegate.swift; sourceTree = "<group>"; };
		2AD4E94F1FA8A2250013D67E /* ios.xcdatamodel */ = {isa = PBXFileReference; lastKnownFileType = wrapper.xcdatamodel; path = ios.xcdatamodel; sourceTree = "<group>"; };
		2AD4E9511FA8A2250013D67E /* Assets.xcassets */ = {isa = PBXFileReference; lastKnownFileType = folder.assetcatalog; path = Assets.xcassets; sourceTree = "<group>"; };
		2AD4E9561FA8A2250013D67E /* Info.plist */ = {isa = PBXFileReference; lastKnownFileType = text.plist.xml; path = Info.plist; sourceTree = "<group>"; };
		2AD4E95B1FA8A2260013D67E /* iosTests.xctest */ = {isa = PBXFileReference; explicitFileType = wrapper.cfbundle; includeInIndex = 0; path = iosTests.xctest; sourceTree = BUILT_PRODUCTS_DIR; };
		2AD4E95F1FA8A2260013D67E /* iosTests.swift */ = {isa = PBXFileReference; lastKnownFileType = sourcecode.swift; path = iosTests.swift; sourceTree = "<group>"; };
		2AD4E9611FA8A2260013D67E /* Info.plist */ = {isa = PBXFileReference; lastKnownFileType = text.plist.xml; path = Info.plist; sourceTree = "<group>"; };
		2AD4E9661FA8A2260013D67E /* iosUITests.xctest */ = {isa = PBXFileReference; explicitFileType = wrapper.cfbundle; includeInIndex = 0; path = iosUITests.xctest; sourceTree = BUILT_PRODUCTS_DIR; };
		2AD4E96A1FA8A2260013D67E /* iosUITests.swift */ = {isa = PBXFileReference; lastKnownFileType = sourcecode.swift; path = iosUITests.swift; sourceTree = "<group>"; };
		2AD4E96C1FA8A2260013D67E /* Info.plist */ = {isa = PBXFileReference; lastKnownFileType = text.plist.xml; path = Info.plist; sourceTree = "<group>"; };
		2AD4E97B1FA8AA2D0013D67E /* Profil.png */ = {isa = PBXFileReference; lastKnownFileType = image.png; path = Profil.png; sourceTree = "<group>"; };
		2AD4E97D1FA8AA3B0013D67E /* HomePicture.jpg */ = {isa = PBXFileReference; lastKnownFileType = image.jpeg; path = HomePicture.jpg; sourceTree = "<group>"; };
		2AD4E97F1FA8AA580013D67E /* Hintergrund.jpg */ = {isa = PBXFileReference; lastKnownFileType = image.jpeg; path = Hintergrund.jpg; sourceTree = "<group>"; };
		3B72885CBF880C627F6B01F6 /* Pods-ios.release.xcconfig */ = {isa = PBXFileReference; includeInIndex = 1; lastKnownFileType = text.xcconfig; name = "Pods-ios.release.xcconfig"; path = "Pods/Target Support Files/Pods-ios/Pods-ios.release.xcconfig"; sourceTree = "<group>"; };
		772322A1201CF34A00FF0FB7 /* PopUpViewController.swift */ = {isa = PBXFileReference; lastKnownFileType = sourcecode.swift; path = PopUpViewController.swift; sourceTree = "<group>"; };
		772322A3201CF9D000FF0FB7 /* OpenPictureViewController.swift */ = {isa = PBXFileReference; lastKnownFileType = sourcecode.swift; path = OpenPictureViewController.swift; sourceTree = "<group>"; };
		772A6A4B2014F53E0071F7E8 /* Main.storyboard */ = {isa = PBXFileReference; fileEncoding = 4; lastKnownFileType = file.storyboard; path = Main.storyboard; sourceTree = "<group>"; };
		7734A99F1FD6F2520013A923 /* ChatWindowVC.swift */ = {isa = PBXFileReference; fileEncoding = 4; lastKnownFileType = sourcecode.swift; path = ChatWindowVC.swift; sourceTree = "<group>"; };
		7734A9A31FD6F2750013A923 /* User.swift */ = {isa = PBXFileReference; fileEncoding = 4; lastKnownFileType = sourcecode.swift; path = User.swift; sourceTree = "<group>"; };
		774EB4F61FD6F8EF00FE1FBF /* ChatStoryboard.storyboard */ = {isa = PBXFileReference; fileEncoding = 4; lastKnownFileType = file.storyboard; path = ChatStoryboard.storyboard; sourceTree = "<group>"; };
		779479442012391C000C88A7 /* ios.entitlements */ = {isa = PBXFileReference; lastKnownFileType = text.plist.entitlements; path = ios.entitlements; sourceTree = "<group>"; };
		77AA41D720137A6F00E7AFDA /* GoogleService-Info.plist */ = {isa = PBXFileReference; fileEncoding = 4; lastKnownFileType = text.plist.xml; path = "GoogleService-Info.plist"; sourceTree = "<group>"; };
		840424C4200CC2C100D2EBA4 /* RatingsCollectionViewCell.swift */ = {isa = PBXFileReference; lastKnownFileType = sourcecode.swift; path = RatingsCollectionViewCell.swift; sourceTree = "<group>"; };
		840424C6200CCC5E00D2EBA4 /* ProfileUsersOffersCollectionViewCell.swift */ = {isa = PBXFileReference; lastKnownFileType = sourcecode.swift; path = ProfileUsersOffersCollectionViewCell.swift; sourceTree = "<group>"; };
		8409DEDB201CC01A001043BF /* YouRentedTableViewCell.swift */ = {isa = PBXFileReference; lastKnownFileType = sourcecode.swift; path = YouRentedTableViewCell.swift; sourceTree = "<group>"; };
		8409DEDF201CC6AA001043BF /* Search.storyboard */ = {isa = PBXFileReference; fileEncoding = 4; lastKnownFileType = file.storyboard; path = Search.storyboard; sourceTree = "<group>"; };
		8409DEE3201CC889001043BF /* HomePage.storyboard */ = {isa = PBXFileReference; fileEncoding = 4; lastKnownFileType = file.storyboard; path = HomePage.storyboard; sourceTree = "<group>"; };
		840D63BD1FE9A4B7007A1F16 /* Advertise.storyboard */ = {isa = PBXFileReference; fileEncoding = 4; lastKnownFileType = file.storyboard; path = Advertise.storyboard; sourceTree = "<group>"; };
		840D63BF1FE9A4BE007A1F16 /* AvailibilityCalendarCell.swift */ = {isa = PBXFileReference; fileEncoding = 4; lastKnownFileType = sourcecode.swift; path = AvailibilityCalendarCell.swift; sourceTree = "<group>"; };
		840D63C11FE9A4C1007A1F16 /* AdvertisePagesVC.swift */ = {isa = PBXFileReference; fileEncoding = 4; lastKnownFileType = sourcecode.swift; path = AdvertisePagesVC.swift; sourceTree = "<group>"; };
		840D63C51FE9A4CB007A1F16 /* AdvertiseFeaturesCollectionViewCell.swift */ = {isa = PBXFileReference; fileEncoding = 4; lastKnownFileType = sourcecode.swift; path = AdvertiseFeaturesCollectionViewCell.swift; sourceTree = "<group>"; };
		840D63C81FE9A534007A1F16 /* OfferingViewController.swift */ = {isa = PBXFileReference; fileEncoding = 4; lastKnownFileType = sourcecode.swift; path = OfferingViewController.swift; sourceTree = "<group>"; };
		840D63CA1FE9A565007A1F16 /* Offering.storyboard */ = {isa = PBXFileReference; fileEncoding = 4; lastKnownFileType = file.storyboard; path = Offering.storyboard; sourceTree = "<group>"; };
		840D63CC1FE9A56C007A1F16 /* BasicDataCollectionViewCell.swift */ = {isa = PBXFileReference; fileEncoding = 4; lastKnownFileType = sourcecode.swift; path = BasicDataCollectionViewCell.swift; sourceTree = "<group>"; };
		840D63CD1FE9A56C007A1F16 /* FeaturesCollectionViewCell.swift */ = {isa = PBXFileReference; fileEncoding = 4; lastKnownFileType = sourcecode.swift; path = FeaturesCollectionViewCell.swift; sourceTree = "<group>"; };
		840D63D41FE9A746007A1F16 /* CarLocation.swift */ = {isa = PBXFileReference; fileEncoding = 4; lastKnownFileType = sourcecode.swift; path = CarLocation.swift; sourceTree = "<group>"; };
		840E94B6201A3D2100CCDBC8 /* circleImages.swift */ = {isa = PBXFileReference; lastKnownFileType = sourcecode.swift; path = circleImages.swift; sourceTree = "<group>"; };
		841D10831FF3DC9900960FA3 /* AdvertisePageContentPhoto.swift */ = {isa = PBXFileReference; lastKnownFileType = sourcecode.swift; path = AdvertisePageContentPhoto.swift; sourceTree = "<group>"; };
		841D10851FF3DCAA00960FA3 /* AdvertisePageContentBasicDetails.swift */ = {isa = PBXFileReference; lastKnownFileType = sourcecode.swift; path = AdvertisePageContentBasicDetails.swift; sourceTree = "<group>"; };
		843107BD2012986F00DE06CE /* Profile.storyboard */ = {isa = PBXFileReference; lastKnownFileType = file.storyboard; path = Profile.storyboard; sourceTree = "<group>"; };
		845AD973200903FE0037D053 /* BlockedDay.swift */ = {isa = PBXFileReference; lastKnownFileType = sourcecode.swift; path = BlockedDay.swift; sourceTree = "<group>"; };
		847D337A2002A53D00493402 /* ShowOffer.swift */ = {isa = PBXFileReference; lastKnownFileType = sourcecode.swift; path = ShowOffer.swift; sourceTree = "<group>"; };
		848486EF1FFC4395008F7DAF /* Availibility.swift */ = {isa = PBXFileReference; lastKnownFileType = sourcecode.swift; path = Availibility.swift; sourceTree = "<group>"; };
		849F46FA200D08D6001C216C /* UserVC.swift */ = {isa = PBXFileReference; fileEncoding = 4; lastKnownFileType = sourcecode.swift; path = UserVC.swift; sourceTree = "<group>"; };
		84BD53FC2005290900BE9790 /* AdvertiseHelper.swift */ = {isa = PBXFileReference; lastKnownFileType = sourcecode.swift; path = AdvertiseHelper.swift; sourceTree = "<group>"; };
		84D95BAC2007E7E900EAB8D7 /* AvailibilityAndBookingViewController.swift */ = {isa = PBXFileReference; lastKnownFileType = sourcecode.swift; path = AvailibilityAndBookingViewController.swift; sourceTree = "<group>"; };
		84FB20B91FFFD78300E351C1 /* Advertise.swift */ = {isa = PBXFileReference; lastKnownFileType = sourcecode.swift; path = Advertise.swift; sourceTree = "<group>"; };
		84FC9CF4200C0C5C001B2B2B /* ProfileViewController.swift */ = {isa = PBXFileReference; lastKnownFileType = sourcecode.swift; path = ProfileViewController.swift; sourceTree = "<group>"; };
		84FD43751FF52C9E00CB546C /* AdvertisePageContentFeatures.swift */ = {isa = PBXFileReference; lastKnownFileType = sourcecode.swift; path = AdvertisePageContentFeatures.swift; sourceTree = "<group>"; };
		84FD43771FF52CB600CB546C /* AdvertisePageConentAvailibilityCalendar.swift */ = {isa = PBXFileReference; lastKnownFileType = sourcecode.swift; path = AdvertisePageConentAvailibilityCalendar.swift; sourceTree = "<group>"; };
		84FD43791FF52CCD00CB546C /* AdvertisePageContentPickup.swift */ = {isa = PBXFileReference; lastKnownFileType = sourcecode.swift; path = AdvertisePageContentPickup.swift; sourceTree = "<group>"; };
		84FD437B1FF52CDA00CB546C /* AdvertisePageContentDescription.swift */ = {isa = PBXFileReference; lastKnownFileType = sourcecode.swift; path = AdvertisePageContentDescription.swift; sourceTree = "<group>"; };
		84FD437D1FF52CE600CB546C /* AdvertisePageContentPublish.swift */ = {isa = PBXFileReference; lastKnownFileType = sourcecode.swift; path = AdvertisePageContentPublish.swift; sourceTree = "<group>"; };
		84FD74BE2016AD0F00A2286E /* AdvertisePopOverPhotoViewController.swift */ = {isa = PBXFileReference; lastKnownFileType = sourcecode.swift; path = AdvertisePopOverPhotoViewController.swift; sourceTree = "<group>"; };
		8616A41DB9F1CCF915A5821D /* Pods_iosUITests.framework */ = {isa = PBXFileReference; explicitFileType = wrapper.framework; includeInIndex = 0; path = Pods_iosUITests.framework; sourceTree = BUILT_PRODUCTS_DIR; };
		8DA968DE14609EF2A73A6C38 /* Pods-iosTests.release.xcconfig */ = {isa = PBXFileReference; includeInIndex = 1; lastKnownFileType = text.xcconfig; name = "Pods-iosTests.release.xcconfig"; path = "Pods/Target Support Files/Pods-iosTests/Pods-iosTests.release.xcconfig"; sourceTree = "<group>"; };
		8EAB4EE63B31075B3AFDEC81 /* Pods_ios.framework */ = {isa = PBXFileReference; explicitFileType = wrapper.framework; includeInIndex = 0; path = Pods_ios.framework; sourceTree = BUILT_PRODUCTS_DIR; };
		97136420DF96A709AE58DA35 /* Pods-iosUITests.debug.xcconfig */ = {isa = PBXFileReference; includeInIndex = 1; lastKnownFileType = text.xcconfig; name = "Pods-iosUITests.debug.xcconfig"; path = "Pods/Target Support Files/Pods-iosUITests/Pods-iosUITests.debug.xcconfig"; sourceTree = "<group>"; };
		9A68992EA56E6D75B5F67FFB /* Pods-iosUITests.release.xcconfig */ = {isa = PBXFileReference; includeInIndex = 1; lastKnownFileType = text.xcconfig; name = "Pods-iosUITests.release.xcconfig"; path = "Pods/Target Support Files/Pods-iosUITests/Pods-iosUITests.release.xcconfig"; sourceTree = "<group>"; };
		B1A7B27F1D2E2B54D94B6B03 /* Pods_iosTests.framework */ = {isa = PBXFileReference; explicitFileType = wrapper.framework; includeInIndex = 0; path = Pods_iosTests.framework; sourceTree = BUILT_PRODUCTS_DIR; };
		F6AFF9A1A5EFD03C8D19F2AF /* Pods-iosTests.debug.xcconfig */ = {isa = PBXFileReference; includeInIndex = 1; lastKnownFileType = text.xcconfig; name = "Pods-iosTests.debug.xcconfig"; path = "Pods/Target Support Files/Pods-iosTests/Pods-iosTests.debug.xcconfig"; sourceTree = "<group>"; };
/* End PBXFileReference section */

/* Begin PBXFrameworksBuildPhase section */
		2AD4E9411FA8A2250013D67E /* Frameworks */ = {
			isa = PBXFrameworksBuildPhase;
			buildActionMask = 2147483647;
			files = (
				FC3950E4A25D7C3533839C03 /* Pods_ios.framework in Frameworks */,
			);
			runOnlyForDeploymentPostprocessing = 0;
		};
		2AD4E9581FA8A2260013D67E /* Frameworks */ = {
			isa = PBXFrameworksBuildPhase;
			buildActionMask = 2147483647;
			files = (
				F86E4277C19ADAD120D813E9 /* Pods_iosTests.framework in Frameworks */,
			);
			runOnlyForDeploymentPostprocessing = 0;
		};
		2AD4E9631FA8A2260013D67E /* Frameworks */ = {
			isa = PBXFrameworksBuildPhase;
			buildActionMask = 2147483647;
			files = (
				98A0BF636A32E59CD6D576BF /* Pods_iosUITests.framework in Frameworks */,
			);
			runOnlyForDeploymentPostprocessing = 0;
		};
/* End PBXFrameworksBuildPhase section */

/* Begin PBXGroup section */
		1901703B200BA54600E21080 /* HomePage */ = {
			isa = PBXGroup;
			children = (
				1901703C200BA55D00E21080 /* HomePageViewController.swift */,
				19E458ED20178A0B00B45E7F /* RentingEventType.swift */,
				19E458EF20178A5500B45E7F /* RentingEvent.swift */,
			);
			path = HomePage;
			sourceTree = "<group>";
		};
		1901703E200BA65000E21080 /* HomePage */ = {
			isa = PBXGroup;
			children = (
				1901703F200BA65F00E21080 /* HomePageModel.swift */,
				19E458F120178D4000B45E7F /* SomebodyRented.swift */,
				19D87BF12018B83C00FCB93D /* YouRented.swift */,
			);
			path = HomePage;
			sourceTree = "<group>";
		};
		19017043200BB09300E21080 /* HomePage */ = {
			isa = PBXGroup;
			children = (
				8409DEE3201CC889001043BF /* HomePage.storyboard */,
				19017048200BE7B000E21080 /* RequestProcessingProtocol.swift */,
				19636A0B2015490700423927 /* RatingProtocol.swift */,
				19017046200BD68600E21080 /* UserRentingRequestsTableViewCell.swift */,
				840424C4200CC2C100D2EBA4 /* RatingsCollectionViewCell.swift */,
				19E8583D2018E6CB007F17F2 /* SomebodyRentedTableViewCell.swift */,
				8409DEDB201CC01A001043BF /* YouRentedTableViewCell.swift */,
			);
			path = HomePage;
			sourceTree = "<group>";
		};
		191BBB9E1FB5070300D95B26 /* View */ = {
			isa = PBXGroup;
			children = (
				772322A6201DEBCC00FF0FB7 /* Chat */,
				19017043200BB09300E21080 /* HomePage */,
				84FC9CEE200C0BC2001B2B2B /* Profile */,
				19AFCF1D200A285900758E91 /* Menu */,
				193966BD1FF57B6D008C76A8 /* Rate */,
				19BF06461FEA853B00E495C2 /* LaunchScreen.storyboard */,
				840D63C71FE9A4F8007A1F16 /* Offer */,
				840D63BC1FE9A438007A1F16 /* Advertise */,
				772A6A4B2014F53E0071F7E8 /* Main.storyboard */,
				840D63D31FE9A6D8007A1F16 /* Search */,
				2AA80B1B2014C8F700B778C6 /* ChatBot.storyboard */,
			);
			path = View;
			sourceTree = "<group>";
		};
		191BBB9F1FB5075E00D95B26 /* Controller */ = {
			isa = PBXGroup;
			children = (
				1901703B200BA54600E21080 /* HomePage */,
				84FC9CF3200C0C45001B2B2B /* Profile */,
				19BBB88F200A579C00723339 /* ChatBot */,
				779BFE782004EE6400AAB77A /* Chat */,
				193966C21FF57ECC008C76A8 /* Rate */,
				19BF06411FEA83D700E495C2 /* ViewController.swift */,
				840D63D01FE9A64E007A1F16 /* Offer */,
				840D63D21FE9A6A4007A1F16 /* Advertise */,
				840D63D11FE9A677007A1F16 /* Search */,
			);
			path = Controller;
			sourceTree = "<group>";
		};
		193966BD1FF57B6D008C76A8 /* Rate */ = {
			isa = PBXGroup;
			children = (
				193966C01FF57BED008C76A8 /* Rate.storyboard */,
			);
			path = Rate;
			sourceTree = "<group>";
		};
		193966C21FF57ECC008C76A8 /* Rate */ = {
			isa = PBXGroup;
			children = (
				193966C31FF57EDE008C76A8 /* RateViewController.swift */,
			);
			path = Rate;
			sourceTree = "<group>";
		};
		19714D3F1FF6416C00067565 /* Rate */ = {
			isa = PBXGroup;
			children = (
				19714D401FF6419100067565 /* RateModel.swift */,
			);
			path = Rate;
			sourceTree = "<group>";
		};
		19AFCF1D200A285900758E91 /* Menu */ = {
			isa = PBXGroup;
			children = (
				19AFCF1E200A287400758E91 /* MenuControl.swift */,
			);
			path = Menu;
			sourceTree = "<group>";
		};
		19BBB88F200A579C00723339 /* ChatBot */ = {
			isa = PBXGroup;
			children = (
				19BBB890200A57B500723339 /* ChatBotViewController.swift */,
			);
			path = ChatBot;
			sourceTree = "<group>";
		};
		19C9E9A61FB1A2D5002F4C84 /* Model */ = {
			isa = PBXGroup;
			children = (
				772322A5201DE35300FF0FB7 /* Chat */,
				1901703E200BA65000E21080 /* HomePage */,
				19CA79A22007E06500402963 /* general Interfaces */,
				19CA79A12007E04E00402963 /* Helper */,
				19CA79A02007E02E00402963 /* Search */,
				19714D3F1FF6416C00067565 /* Rate */,
				840D63D41FE9A746007A1F16 /* CarLocation.swift */,
				7734A9A31FD6F2750013A923 /* User.swift */,
				19CE072B1FC41C250087E958 /* Brand.swift */,
				19D4126A1FB707D500794F1F /* Feature.swift */,
				1922178C1FBDA5BE00D7FDFE /* Fuel.swift */,
				196FD4EA1FAFC0F0000875AE /* Offering.swift */,
				1949C5931FC9D05800C5FD91 /* Gear.swift */,
				19A7FA791FD2D2C900FA7C8D /* Renting.swift */,
				19380CB91FD5A29A0057A6D2 /* VehicleType.swift */,
				848486EF1FFC4395008F7DAF /* Availibility.swift */,
				845AD973200903FE0037D053 /* BlockedDay.swift */,
				19A3F8611FF5AAEE00FA2D95 /* Rating.swift */,
				84FB20B91FFFD78300E351C1 /* Advertise.swift */,
				847D337A2002A53D00493402 /* ShowOffer.swift */,
			);
			path = Model;
			sourceTree = "<group>";
		};
		19C9E9A71FB1A3A0002F4C84 /* API */ = {
			isa = PBXGroup;
			children = (
				19C9E9AA1FB1A4BE002F4C84 /* StorageAPI.swift */,
				19CB76FB1FD44E8C00B291CE /* DBConstants.swift */,
			);
			path = API;
			sourceTree = "<group>";
		};
		19CA79A02007E02E00402963 /* Search */ = {
			isa = PBXGroup;
			children = (
				190DB08B1FBF30E90027F5CD /* Filter.swift */,
				199BFDA51FC1CB81002A0101 /* SearchModel.swift */,
			);
			path = Search;
			sourceTree = "<group>";
		};
		19CA79A12007E04E00402963 /* Helper */ = {
			isa = PBXGroup;
			children = (
				84BD53FC2005290900BE9790 /* AdvertiseHelper.swift */,
				191DABB01FF00F7000EB0070 /* Time.swift */,
				19EE8F342006A40700204C73 /* CoordinatePoint.swift */,
				840E94B6201A3D2100CCDBC8 /* circleImages.swift */,
				198A33B4201BD5DF004BDCE4 /* DateHelper.swift */,
			);
			path = Helper;
			sourceTree = "<group>";
		};
		19CA79A22007E06500402963 /* general Interfaces */ = {
			isa = PBXGroup;
			children = (
				19EE2B921FD9F05B004674F0 /* DictionaryConvertibleEditable.swift */,
				19C31D8620027A8D004534F0 /* DictionaryConvertibleStatic.swift */,
				194C2E991FE7C44200E34EF8 /* SelectableItem.swift */,
			);
			path = "general Interfaces";
			sourceTree = "<group>";
		};
		2AD4E93B1FA8A2250013D67E = {
			isa = PBXGroup;
			children = (
				2AD4E9461FA8A2250013D67E /* ios */,
				2AD4E95E1FA8A2260013D67E /* iosTests */,
				2AD4E9691FA8A2260013D67E /* iosUITests */,
				2AD4E9451FA8A2250013D67E /* Products */,
				9D324EBC299C21670B37F4BE /* Pods */,
				7ECCD950BF8E10D14DF6A571 /* Frameworks */,
				8409DEDA201CBF85001043BF /* Recovered References */,
			);
			sourceTree = "<group>";
		};
		2AD4E9451FA8A2250013D67E /* Products */ = {
			isa = PBXGroup;
			children = (
				2AD4E9441FA8A2250013D67E /* ios.app */,
				2AD4E95B1FA8A2260013D67E /* iosTests.xctest */,
				2AD4E9661FA8A2260013D67E /* iosUITests.xctest */,
			);
			name = Products;
			sourceTree = "<group>";
		};
		2AD4E9461FA8A2250013D67E /* ios */ = {
			isa = PBXGroup;
			children = (
				77AA41D720137A6F00E7AFDA /* GoogleService-Info.plist */,
				779479442012391C000C88A7 /* ios.entitlements */,
				191BBB9F1FB5075E00D95B26 /* Controller */,
				191BBB9E1FB5070300D95B26 /* View */,
				19C9E9A71FB1A3A0002F4C84 /* API */,
				19C9E9A61FB1A2D5002F4C84 /* Model */,
				2AD4E97A1FA8AA100013D67E /* PictureFiles */,
				2AD4E9471FA8A2250013D67E /* AppDelegate.swift */,
				2AD4E9511FA8A2250013D67E /* Assets.xcassets */,
				2AD4E9561FA8A2250013D67E /* Info.plist */,
				2AD4E94E1FA8A2250013D67E /* ios.xcdatamodeld */,
			);
			path = ios;
			sourceTree = "<group>";
		};
		2AD4E95E1FA8A2260013D67E /* iosTests */ = {
			isa = PBXGroup;
			children = (
				2AD4E95F1FA8A2260013D67E /* iosTests.swift */,
				2AD4E9611FA8A2260013D67E /* Info.plist */,
			);
			path = iosTests;
			sourceTree = "<group>";
		};
		2AD4E9691FA8A2260013D67E /* iosUITests */ = {
			isa = PBXGroup;
			children = (
				2AD4E96A1FA8A2260013D67E /* iosUITests.swift */,
				2AD4E96C1FA8A2260013D67E /* Info.plist */,
			);
			path = iosUITests;
			sourceTree = "<group>";
		};
		2AD4E97A1FA8AA100013D67E /* PictureFiles */ = {
			isa = PBXGroup;
			children = (
				84FD43731FF5206B00CB546C /* Brands */,
				2AD4E97F1FA8AA580013D67E /* Hintergrund.jpg */,
				2AD4E97D1FA8AA3B0013D67E /* HomePicture.jpg */,
				2AD4E97B1FA8AA2D0013D67E /* Profil.png */,
			);
			path = PictureFiles;
			sourceTree = "<group>";
		};
		772322A5201DE35300FF0FB7 /* Chat */ = {
			isa = PBXGroup;
			children = (
				19BF06431FEA84A500E495C2 /* MessageHandler.swift */,
			);
			path = Chat;
			sourceTree = "<group>";
		};
		772322A6201DEBCC00FF0FB7 /* Chat */ = {
			isa = PBXGroup;
			children = (
				774EB4F61FD6F8EF00FE1FBF /* ChatStoryboard.storyboard */,
			);
			path = Chat;
			sourceTree = "<group>";
		};
		779BFE782004EE6400AAB77A /* Chat */ = {
			isa = PBXGroup;
			children = (
				849F46FA200D08D6001C216C /* UserVC.swift */,
				7734A99F1FD6F2520013A923 /* ChatWindowVC.swift */,
				772322A3201CF9D000FF0FB7 /* OpenPictureViewController.swift */,
			);
			path = Chat;
			sourceTree = "<group>";
		};
		7ECCD950BF8E10D14DF6A571 /* Frameworks */ = {
			isa = PBXGroup;
			children = (
				8EAB4EE63B31075B3AFDEC81 /* Pods_ios.framework */,
				B1A7B27F1D2E2B54D94B6B03 /* Pods_iosTests.framework */,
				8616A41DB9F1CCF915A5821D /* Pods_iosUITests.framework */,
			);
			name = Frameworks;
			sourceTree = "<group>";
		};
		8409DEDA201CBF85001043BF /* Recovered References */ = {
			isa = PBXGroup;
			children = (
			);
			name = "Recovered References";
			sourceTree = "<group>";
		};
		840D63BC1FE9A438007A1F16 /* Advertise */ = {
			isa = PBXGroup;
			children = (
				840D63BD1FE9A4B7007A1F16 /* Advertise.storyboard */,
				840D63C51FE9A4CB007A1F16 /* AdvertiseFeaturesCollectionViewCell.swift */,
			);
			path = Advertise;
			sourceTree = "<group>";
		};
		840D63C71FE9A4F8007A1F16 /* Offer */ = {
			isa = PBXGroup;
			children = (
				840D63CA1FE9A565007A1F16 /* Offering.storyboard */,
				840D63CC1FE9A56C007A1F16 /* BasicDataCollectionViewCell.swift */,
				840D63CD1FE9A56C007A1F16 /* FeaturesCollectionViewCell.swift */,
				840D63BF1FE9A4BE007A1F16 /* AvailibilityCalendarCell.swift */,
			);
			path = Offer;
			sourceTree = "<group>";
		};
		840D63D01FE9A64E007A1F16 /* Offer */ = {
			isa = PBXGroup;
			children = (
				840D63C81FE9A534007A1F16 /* OfferingViewController.swift */,
				84D95BAC2007E7E900EAB8D7 /* AvailibilityAndBookingViewController.swift */,
				772322A1201CF34A00FF0FB7 /* PopUpViewController.swift */,
			);
			path = Offer;
			sourceTree = "<group>";
		};
		840D63D11FE9A677007A1F16 /* Search */ = {
			isa = PBXGroup;
			children = (
				191BBBA01FB5078A00D95B26 /* FilterViewController.swift */,
				194769221FC8480000AB02E4 /* SearchResultsViewController.swift */,
				199A68661FFD03FE00047E5D /* SearchViewController.swift */,
			);
			path = Search;
			sourceTree = "<group>";
		};
		840D63D21FE9A6A4007A1F16 /* Advertise */ = {
			isa = PBXGroup;
			children = (
				840D63C11FE9A4C1007A1F16 /* AdvertisePagesVC.swift */,
				841D10831FF3DC9900960FA3 /* AdvertisePageContentPhoto.swift */,
				841D10851FF3DCAA00960FA3 /* AdvertisePageContentBasicDetails.swift */,
				84FD43751FF52C9E00CB546C /* AdvertisePageContentFeatures.swift */,
				84FD43771FF52CB600CB546C /* AdvertisePageConentAvailibilityCalendar.swift */,
				84FD43791FF52CCD00CB546C /* AdvertisePageContentPickup.swift */,
				84FD437B1FF52CDA00CB546C /* AdvertisePageContentDescription.swift */,
				84FD437D1FF52CE600CB546C /* AdvertisePageContentPublish.swift */,
				84FD74BE2016AD0F00A2286E /* AdvertisePopOverPhotoViewController.swift */,
			);
			path = Advertise;
			sourceTree = "<group>";
		};
		840D63D31FE9A6D8007A1F16 /* Search */ = {
			isa = PBXGroup;
			children = (
				8409DEDF201CC6AA001043BF /* Search.storyboard */,
				196FD4EB1FAFC0F0000875AE /* CarTableViewCell.swift */,
				194769241FC848C800AB02E4 /* SearchResultsTableViewCell.swift */,
				199A68641FFD027A00047E5D /* CustomCell.swift */,
			);
			path = Search;
			sourceTree = "<group>";
		};
		84FC9CEE200C0BC2001B2B2B /* Profile */ = {
			isa = PBXGroup;
			children = (
				840424C6200CCC5E00D2EBA4 /* ProfileUsersOffersCollectionViewCell.swift */,
				843107BD2012986F00DE06CE /* Profile.storyboard */,
			);
			path = Profile;
			sourceTree = "<group>";
		};
		84FC9CF3200C0C45001B2B2B /* Profile */ = {
			isa = PBXGroup;
			children = (
				84FC9CF4200C0C5C001B2B2B /* ProfileViewController.swift */,
			);
			path = Profile;
			sourceTree = "<group>";
		};
		84FD43731FF5206B00CB546C /* Brands */ = {
			isa = PBXGroup;
			children = (
			);
			path = Brands;
			sourceTree = "<group>";
		};
		9D324EBC299C21670B37F4BE /* Pods */ = {
			isa = PBXGroup;
			children = (
				213DBECC7DCDEFB7A18EE30C /* Pods-ios.debug.xcconfig */,
				3B72885CBF880C627F6B01F6 /* Pods-ios.release.xcconfig */,
				F6AFF9A1A5EFD03C8D19F2AF /* Pods-iosTests.debug.xcconfig */,
				8DA968DE14609EF2A73A6C38 /* Pods-iosTests.release.xcconfig */,
				97136420DF96A709AE58DA35 /* Pods-iosUITests.debug.xcconfig */,
				9A68992EA56E6D75B5F67FFB /* Pods-iosUITests.release.xcconfig */,
			);
			name = Pods;
			sourceTree = "<group>";
		};
/* End PBXGroup section */

/* Begin PBXNativeTarget section */
		2AD4E9431FA8A2250013D67E /* ios */ = {
			isa = PBXNativeTarget;
			buildConfigurationList = 2AD4E96F1FA8A2260013D67E /* Build configuration list for PBXNativeTarget "ios" */;
			buildPhases = (
				9A9359D7D75ACE7C18E1D778 /* [CP] Check Pods Manifest.lock */,
				2AD4E9401FA8A2250013D67E /* Sources */,
				2AD4E9411FA8A2250013D67E /* Frameworks */,
				2AD4E9421FA8A2250013D67E /* Resources */,
				A079AB94AAD8A96FE2478A7E /* [CP] Embed Pods Frameworks */,
				72AB2C600FAE00F3159B1B6A /* [CP] Copy Pods Resources */,
			);
			buildRules = (
			);
			dependencies = (
			);
			name = ios;
			productName = ios;
			productReference = 2AD4E9441FA8A2250013D67E /* ios.app */;
			productType = "com.apple.product-type.application";
		};
		2AD4E95A1FA8A2260013D67E /* iosTests */ = {
			isa = PBXNativeTarget;
			buildConfigurationList = 2AD4E9721FA8A2260013D67E /* Build configuration list for PBXNativeTarget "iosTests" */;
			buildPhases = (
				CEBE96E13BC2E50F6E9AB340 /* [CP] Check Pods Manifest.lock */,
				2AD4E9571FA8A2260013D67E /* Sources */,
				2AD4E9581FA8A2260013D67E /* Frameworks */,
				2AD4E9591FA8A2260013D67E /* Resources */,
				99DEB116E5618272AB5F11E6 /* [CP] Embed Pods Frameworks */,
				51F87005051CC086478F49C3 /* [CP] Copy Pods Resources */,
			);
			buildRules = (
			);
			dependencies = (
				2AD4E95D1FA8A2260013D67E /* PBXTargetDependency */,
			);
			name = iosTests;
			productName = iosTests;
			productReference = 2AD4E95B1FA8A2260013D67E /* iosTests.xctest */;
			productType = "com.apple.product-type.bundle.unit-test";
		};
		2AD4E9651FA8A2260013D67E /* iosUITests */ = {
			isa = PBXNativeTarget;
			buildConfigurationList = 2AD4E9751FA8A2260013D67E /* Build configuration list for PBXNativeTarget "iosUITests" */;
			buildPhases = (
				FD1DE29723F04D0861FC005D /* [CP] Check Pods Manifest.lock */,
				2AD4E9621FA8A2260013D67E /* Sources */,
				2AD4E9631FA8A2260013D67E /* Frameworks */,
				2AD4E9641FA8A2260013D67E /* Resources */,
				9AFE25FD4B7E9D9050D99769 /* [CP] Embed Pods Frameworks */,
				C5A2E8773A91AB5A40A25DF9 /* [CP] Copy Pods Resources */,
			);
			buildRules = (
			);
			dependencies = (
				2AD4E9681FA8A2260013D67E /* PBXTargetDependency */,
			);
			name = iosUITests;
			productName = iosUITests;
			productReference = 2AD4E9661FA8A2260013D67E /* iosUITests.xctest */;
			productType = "com.apple.product-type.bundle.ui-testing";
		};
/* End PBXNativeTarget section */

/* Begin PBXProject section */
		2AD4E93C1FA8A2250013D67E /* Project object */ = {
			isa = PBXProject;
			attributes = {
				LastSwiftUpdateCheck = 0900;
				LastUpgradeCheck = 0900;
				ORGANIZATIONNAME = "Hila Safi";
				TargetAttributes = {
					2AD4E9431FA8A2250013D67E = {
						CreatedOnToolsVersion = 9.0.1;
						ProvisioningStyle = Automatic;
						SystemCapabilities = {
							com.apple.Push = {
								enabled = 1;
							};
						};
					};
					2AD4E95A1FA8A2260013D67E = {
						CreatedOnToolsVersion = 9.0.1;
						ProvisioningStyle = Automatic;
						TestTargetID = 2AD4E9431FA8A2250013D67E;
					};
					2AD4E9651FA8A2260013D67E = {
						CreatedOnToolsVersion = 9.0.1;
						ProvisioningStyle = Automatic;
						TestTargetID = 2AD4E9431FA8A2250013D67E;
					};
				};
			};
			buildConfigurationList = 2AD4E93F1FA8A2250013D67E /* Build configuration list for PBXProject "ios" */;
			compatibilityVersion = "Xcode 8.0";
			developmentRegion = en;
			hasScannedForEncodings = 0;
			knownRegions = (
				en,
				Base,
			);
			mainGroup = 2AD4E93B1FA8A2250013D67E;
			productRefGroup = 2AD4E9451FA8A2250013D67E /* Products */;
			projectDirPath = "";
			projectRoot = "";
			targets = (
				2AD4E9431FA8A2250013D67E /* ios */,
				2AD4E95A1FA8A2260013D67E /* iosTests */,
				2AD4E9651FA8A2260013D67E /* iosUITests */,
			);
		};
/* End PBXProject section */

/* Begin PBXResourcesBuildPhase section */
		2AD4E9421FA8A2250013D67E /* Resources */ = {
			isa = PBXResourcesBuildPhase;
			buildActionMask = 2147483647;
			files = (
				2AA80B1C2014C8F700B778C6 /* ChatBot.storyboard in Resources */,
				2AD4E97C1FA8AA2D0013D67E /* Profil.png in Resources */,
				193966C11FF57BED008C76A8 /* Rate.storyboard in Resources */,
				2AD4E9521FA8A2250013D67E /* Assets.xcassets in Resources */,
				840D63BE1FE9A4B7007A1F16 /* Advertise.storyboard in Resources */,
				8409DEE4201CC889001043BF /* HomePage.storyboard in Resources */,
				2AD4E9801FA8AA580013D67E /* Hintergrund.jpg in Resources */,
				843107BE2012986F00DE06CE /* Profile.storyboard in Resources */,
				774EB4F71FD6F8F000FE1FBF /* ChatStoryboard.storyboard in Resources */,
				2AD4E97E1FA8AA3B0013D67E /* HomePicture.jpg in Resources */,
				772A6A4C2014F53E0071F7E8 /* Main.storyboard in Resources */,
				19BF06481FEA853C00E495C2 /* LaunchScreen.storyboard in Resources */,
				840D63CB1FE9A566007A1F16 /* Offering.storyboard in Resources */,
				8409DEE0201CC6AA001043BF /* Search.storyboard in Resources */,
				77AA41D820137A6F00E7AFDA /* GoogleService-Info.plist in Resources */,
			);
			runOnlyForDeploymentPostprocessing = 0;
		};
		2AD4E9591FA8A2260013D67E /* Resources */ = {
			isa = PBXResourcesBuildPhase;
			buildActionMask = 2147483647;
			files = (
			);
			runOnlyForDeploymentPostprocessing = 0;
		};
		2AD4E9641FA8A2260013D67E /* Resources */ = {
			isa = PBXResourcesBuildPhase;
			buildActionMask = 2147483647;
			files = (
			);
			runOnlyForDeploymentPostprocessing = 0;
		};
/* End PBXResourcesBuildPhase section */

/* Begin PBXShellScriptBuildPhase section */
		51F87005051CC086478F49C3 /* [CP] Copy Pods Resources */ = {
			isa = PBXShellScriptBuildPhase;
			buildActionMask = 2147483647;
			files = (
			);
			inputPaths = (
			);
			name = "[CP] Copy Pods Resources";
			outputPaths = (
			);
			runOnlyForDeploymentPostprocessing = 0;
			shellPath = /bin/sh;
			shellScript = "\"${SRCROOT}/Pods/Target Support Files/Pods-iosTests/Pods-iosTests-resources.sh\"\n";
			showEnvVarsInLog = 0;
		};
		72AB2C600FAE00F3159B1B6A /* [CP] Copy Pods Resources */ = {
			isa = PBXShellScriptBuildPhase;
			buildActionMask = 2147483647;
			files = (
			);
			inputPaths = (
				"${SRCROOT}/Pods/Target Support Files/Pods-ios/Pods-ios-resources.sh",
				"${PODS_ROOT}/GoogleMaps/Maps/Frameworks/GoogleMaps.framework/Resources/GoogleMaps.bundle",
				"${PODS_ROOT}/GooglePlacePicker/Frameworks/GooglePlacePicker.framework/Resources/GooglePlacePicker.bundle",
				"${PODS_ROOT}/GooglePlaces/Frameworks/GooglePlaces.framework/Resources/GooglePlaces.bundle",
			);
			name = "[CP] Copy Pods Resources";
			outputPaths = (
				"${TARGET_BUILD_DIR}/${UNLOCALIZED_RESOURCES_FOLDER_PATH}",
			);
			runOnlyForDeploymentPostprocessing = 0;
			shellPath = /bin/sh;
			shellScript = "\"${SRCROOT}/Pods/Target Support Files/Pods-ios/Pods-ios-resources.sh\"\n";
			showEnvVarsInLog = 0;
		};
		99DEB116E5618272AB5F11E6 /* [CP] Embed Pods Frameworks */ = {
			isa = PBXShellScriptBuildPhase;
			buildActionMask = 2147483647;
			files = (
			);
			inputPaths = (
			);
			name = "[CP] Embed Pods Frameworks";
			outputPaths = (
			);
			runOnlyForDeploymentPostprocessing = 0;
			shellPath = /bin/sh;
			shellScript = "\"${SRCROOT}/Pods/Target Support Files/Pods-iosTests/Pods-iosTests-frameworks.sh\"\n";
			showEnvVarsInLog = 0;
		};
		9A9359D7D75ACE7C18E1D778 /* [CP] Check Pods Manifest.lock */ = {
			isa = PBXShellScriptBuildPhase;
			buildActionMask = 2147483647;
			files = (
			);
			inputPaths = (
				"${PODS_PODFILE_DIR_PATH}/Podfile.lock",
				"${PODS_ROOT}/Manifest.lock",
			);
			name = "[CP] Check Pods Manifest.lock";
			outputPaths = (
				"$(DERIVED_FILE_DIR)/Pods-ios-checkManifestLockResult.txt",
			);
			runOnlyForDeploymentPostprocessing = 0;
			shellPath = /bin/sh;
			shellScript = "diff \"${PODS_PODFILE_DIR_PATH}/Podfile.lock\" \"${PODS_ROOT}/Manifest.lock\" > /dev/null\nif [ $? != 0 ] ; then\n    # print error to STDERR\n    echo \"error: The sandbox is not in sync with the Podfile.lock. Run 'pod install' or update your CocoaPods installation.\" >&2\n    exit 1\nfi\n# This output is used by Xcode 'outputs' to avoid re-running this script phase.\necho \"SUCCESS\" > \"${SCRIPT_OUTPUT_FILE_0}\"\n";
			showEnvVarsInLog = 0;
		};
		9AFE25FD4B7E9D9050D99769 /* [CP] Embed Pods Frameworks */ = {
			isa = PBXShellScriptBuildPhase;
			buildActionMask = 2147483647;
			files = (
			);
			inputPaths = (
			);
			name = "[CP] Embed Pods Frameworks";
			outputPaths = (
			);
			runOnlyForDeploymentPostprocessing = 0;
			shellPath = /bin/sh;
			shellScript = "\"${SRCROOT}/Pods/Target Support Files/Pods-iosUITests/Pods-iosUITests-frameworks.sh\"\n";
			showEnvVarsInLog = 0;
		};
		A079AB94AAD8A96FE2478A7E /* [CP] Embed Pods Frameworks */ = {
			isa = PBXShellScriptBuildPhase;
			buildActionMask = 2147483647;
			files = (
			);
			inputPaths = (
				"${SRCROOT}/Pods/Target Support Files/Pods-ios/Pods-ios-frameworks.sh",
				"${BUILT_PRODUCTS_DIR}/AI/AI.framework",
				"${BUILT_PRODUCTS_DIR}/ApiAI/ApiAI.framework",
				"${BUILT_PRODUCTS_DIR}/Cosmos/Cosmos.framework",
				"${BUILT_PRODUCTS_DIR}/GTMSessionFetcher/GTMSessionFetcher.framework",
				"${BUILT_PRODUCTS_DIR}/GoogleToolboxForMac/GoogleToolboxForMac.framework",
				"${BUILT_PRODUCTS_DIR}/JSQMessagesViewController/JSQMessagesViewController.framework",
				"${BUILT_PRODUCTS_DIR}/JSQSystemSoundPlayer/JSQSystemSoundPlayer.framework",
				"${BUILT_PRODUCTS_DIR}/JTAppleCalendar/JTAppleCalendar.framework",
				"${BUILT_PRODUCTS_DIR}/KeychainSwift/KeychainSwift.framework",
				"${BUILT_PRODUCTS_DIR}/Kingfisher/Kingfisher.framework",
				"${BUILT_PRODUCTS_DIR}/Protobuf/Protobuf.framework",
				"${BUILT_PRODUCTS_DIR}/SDWebImage/SDWebImage.framework",
				"${BUILT_PRODUCTS_DIR}/leveldb-library/leveldb.framework",
				"${BUILT_PRODUCTS_DIR}/nanopb/nanopb.framework",
			);
			name = "[CP] Embed Pods Frameworks";
			outputPaths = (
				"${TARGET_BUILD_DIR}/${FRAMEWORKS_FOLDER_PATH}/AI.framework",
				"${TARGET_BUILD_DIR}/${FRAMEWORKS_FOLDER_PATH}/ApiAI.framework",
				"${TARGET_BUILD_DIR}/${FRAMEWORKS_FOLDER_PATH}/Cosmos.framework",
				"${TARGET_BUILD_DIR}/${FRAMEWORKS_FOLDER_PATH}/GTMSessionFetcher.framework",
				"${TARGET_BUILD_DIR}/${FRAMEWORKS_FOLDER_PATH}/GoogleToolboxForMac.framework",
				"${TARGET_BUILD_DIR}/${FRAMEWORKS_FOLDER_PATH}/JSQMessagesViewController.framework",
				"${TARGET_BUILD_DIR}/${FRAMEWORKS_FOLDER_PATH}/JSQSystemSoundPlayer.framework",
				"${TARGET_BUILD_DIR}/${FRAMEWORKS_FOLDER_PATH}/JTAppleCalendar.framework",
				"${TARGET_BUILD_DIR}/${FRAMEWORKS_FOLDER_PATH}/KeychainSwift.framework",
				"${TARGET_BUILD_DIR}/${FRAMEWORKS_FOLDER_PATH}/Kingfisher.framework",
				"${TARGET_BUILD_DIR}/${FRAMEWORKS_FOLDER_PATH}/Protobuf.framework",
				"${TARGET_BUILD_DIR}/${FRAMEWORKS_FOLDER_PATH}/SDWebImage.framework",
				"${TARGET_BUILD_DIR}/${FRAMEWORKS_FOLDER_PATH}/leveldb.framework",
				"${TARGET_BUILD_DIR}/${FRAMEWORKS_FOLDER_PATH}/nanopb.framework",
			);
			runOnlyForDeploymentPostprocessing = 0;
			shellPath = /bin/sh;
			shellScript = "\"${SRCROOT}/Pods/Target Support Files/Pods-ios/Pods-ios-frameworks.sh\"\n";
			showEnvVarsInLog = 0;
		};
		C5A2E8773A91AB5A40A25DF9 /* [CP] Copy Pods Resources */ = {
			isa = PBXShellScriptBuildPhase;
			buildActionMask = 2147483647;
			files = (
			);
			inputPaths = (
			);
			name = "[CP] Copy Pods Resources";
			outputPaths = (
			);
			runOnlyForDeploymentPostprocessing = 0;
			shellPath = /bin/sh;
			shellScript = "\"${SRCROOT}/Pods/Target Support Files/Pods-iosUITests/Pods-iosUITests-resources.sh\"\n";
			showEnvVarsInLog = 0;
		};
		CEBE96E13BC2E50F6E9AB340 /* [CP] Check Pods Manifest.lock */ = {
			isa = PBXShellScriptBuildPhase;
			buildActionMask = 2147483647;
			files = (
			);
			inputPaths = (
				"${PODS_PODFILE_DIR_PATH}/Podfile.lock",
				"${PODS_ROOT}/Manifest.lock",
			);
			name = "[CP] Check Pods Manifest.lock";
			outputPaths = (
				"$(DERIVED_FILE_DIR)/Pods-iosTests-checkManifestLockResult.txt",
			);
			runOnlyForDeploymentPostprocessing = 0;
			shellPath = /bin/sh;
			shellScript = "diff \"${PODS_PODFILE_DIR_PATH}/Podfile.lock\" \"${PODS_ROOT}/Manifest.lock\" > /dev/null\nif [ $? != 0 ] ; then\n    # print error to STDERR\n    echo \"error: The sandbox is not in sync with the Podfile.lock. Run 'pod install' or update your CocoaPods installation.\" >&2\n    exit 1\nfi\n# This output is used by Xcode 'outputs' to avoid re-running this script phase.\necho \"SUCCESS\" > \"${SCRIPT_OUTPUT_FILE_0}\"\n";
			showEnvVarsInLog = 0;
		};
		FD1DE29723F04D0861FC005D /* [CP] Check Pods Manifest.lock */ = {
			isa = PBXShellScriptBuildPhase;
			buildActionMask = 2147483647;
			files = (
			);
			inputPaths = (
				"${PODS_PODFILE_DIR_PATH}/Podfile.lock",
				"${PODS_ROOT}/Manifest.lock",
			);
			name = "[CP] Check Pods Manifest.lock";
			outputPaths = (
				"$(DERIVED_FILE_DIR)/Pods-iosUITests-checkManifestLockResult.txt",
			);
			runOnlyForDeploymentPostprocessing = 0;
			shellPath = /bin/sh;
			shellScript = "diff \"${PODS_PODFILE_DIR_PATH}/Podfile.lock\" \"${PODS_ROOT}/Manifest.lock\" > /dev/null\nif [ $? != 0 ] ; then\n    # print error to STDERR\n    echo \"error: The sandbox is not in sync with the Podfile.lock. Run 'pod install' or update your CocoaPods installation.\" >&2\n    exit 1\nfi\n# This output is used by Xcode 'outputs' to avoid re-running this script phase.\necho \"SUCCESS\" > \"${SCRIPT_OUTPUT_FILE_0}\"\n";
			showEnvVarsInLog = 0;
		};
/* End PBXShellScriptBuildPhase section */

/* Begin PBXSourcesBuildPhase section */
		2AD4E9401FA8A2250013D67E /* Sources */ = {
			isa = PBXSourcesBuildPhase;
			buildActionMask = 2147483647;
			files = (
				19C9E9AB1FB1A4BE002F4C84 /* StorageAPI.swift in Sources */,
				840D63C61FE9A4CB007A1F16 /* AdvertiseFeaturesCollectionViewCell.swift in Sources */,
				84FC9CF5200C0C5C001B2B2B /* ProfileViewController.swift in Sources */,
				84BD53FD2005290900BE9790 /* AdvertiseHelper.swift in Sources */,
				7734A9A41FD6F2750013A923 /* User.swift in Sources */,
				194769251FC848C800AB02E4 /* SearchResultsTableViewCell.swift in Sources */,
				84FD437E1FF52CE600CB546C /* AdvertisePageContentPublish.swift in Sources */,
				2AD4E9501FA8A2250013D67E /* ios.xcdatamodeld in Sources */,
				84FD74BF2016AD0F00A2286E /* AdvertisePopOverPhotoViewController.swift in Sources */,
				840E94B7201A3D2100CCDBC8 /* circleImages.swift in Sources */,
				19E458EE20178A0B00B45E7F /* RentingEventType.swift in Sources */,
				845AD974200903FE0037D053 /* BlockedDay.swift in Sources */,
				19714D411FF6419100067565 /* RateModel.swift in Sources */,
				19017040200BA65F00E21080 /* HomePageModel.swift in Sources */,
				19D4126B1FB707D500794F1F /* Feature.swift in Sources */,
				84D95BAD2007E7E900EAB8D7 /* AvailibilityAndBookingViewController.swift in Sources */,
				849F46FB200D08D6001C216C /* UserVC.swift in Sources */,
				84FB20BA1FFFD78300E351C1 /* Advertise.swift in Sources */,
				840424C5200CC2C100D2EBA4 /* RatingsCollectionViewCell.swift in Sources */,
				191BBBA11FB5078A00D95B26 /* FilterViewController.swift in Sources */,
				841D10841FF3DC9900960FA3 /* AdvertisePageContentPhoto.swift in Sources */,
				19E458F020178A5500B45E7F /* RentingEvent.swift in Sources */,
				8409DEDC201CC01A001043BF /* YouRentedTableViewCell.swift in Sources */,
				19CB76FC1FD44E8C00B291CE /* DBConstants.swift in Sources */,
				19380CBA1FD5A29B0057A6D2 /* VehicleType.swift in Sources */,
				196FD4EE1FAFC0F0000875AE /* CarTableViewCell.swift in Sources */,
				19BF06441FEA84A500E495C2 /* MessageHandler.swift in Sources */,
				19C31D8720027A8D004534F0 /* DictionaryConvertibleStatic.swift in Sources */,
				199A68651FFD027A00047E5D /* CustomCell.swift in Sources */,
				84FD43781FF52CB600CB546C /* AdvertisePageConentAvailibilityCalendar.swift in Sources */,
				19A3F8621FF5AAEE00FA2D95 /* Rating.swift in Sources */,
				772322A4201CF9D000FF0FB7 /* OpenPictureViewController.swift in Sources */,
				196FD4ED1FAFC0F0000875AE /* Offering.swift in Sources */,
				19636A0C2015490700423927 /* RatingProtocol.swift in Sources */,
				2AD4E9481FA8A2250013D67E /* AppDelegate.swift in Sources */,
				848486F01FFC4395008F7DAF /* Availibility.swift in Sources */,
				84FD43761FF52C9E00CB546C /* AdvertisePageContentFeatures.swift in Sources */,
				84FD437A1FF52CCD00CB546C /* AdvertisePageContentPickup.swift in Sources */,
				198A33B5201BD5DF004BDCE4 /* DateHelper.swift in Sources */,
				19D87BF22018B83C00FCB93D /* YouRented.swift in Sources */,
				847D337B2002A53D00493402 /* ShowOffer.swift in Sources */,
				84FD437C1FF52CDA00CB546C /* AdvertisePageContentDescription.swift in Sources */,
				19E8583E2018E6CB007F17F2 /* SomebodyRentedTableViewCell.swift in Sources */,
				191DABB11FF00F7000EB0070 /* Time.swift in Sources */,
				19EE2B931FD9F05B004674F0 /* DictionaryConvertibleEditable.swift in Sources */,
				19BBB891200A57B500723339 /* ChatBotViewController.swift in Sources */,
				190DB08C1FBF30E90027F5CD /* Filter.swift in Sources */,
				199BFDA61FC1CB81002A0101 /* SearchModel.swift in Sources */,
				840424C7200CCC5E00D2EBA4 /* ProfileUsersOffersCollectionViewCell.swift in Sources */,
				840D63C21FE9A4C2007A1F16 /* AdvertisePagesVC.swift in Sources */,
				1949C5941FC9D05800C5FD91 /* Gear.swift in Sources */,
				19CE072C1FC41C250087E958 /* Brand.swift in Sources */,
				19A7FA7A1FD2D2C900FA7C8D /* Renting.swift in Sources */,
				19EE8F352006A40700204C73 /* CoordinatePoint.swift in Sources */,
				193966C41FF57EDE008C76A8 /* RateViewController.swift in Sources */,
				194769231FC8480000AB02E4 /* SearchResultsViewController.swift in Sources */,
				7734A9A01FD6F2520013A923 /* ChatWindowVC.swift in Sources */,
				840D63D51FE9A746007A1F16 /* CarLocation.swift in Sources */,
				19017049200BE7B000E21080 /* RequestProcessingProtocol.swift in Sources */,
				19E458F220178D4000B45E7F /* SomebodyRented.swift in Sources */,
				772322A2201CF34A00FF0FB7 /* PopUpViewController.swift in Sources */,
				19BF06421FEA83D700E495C2 /* ViewController.swift in Sources */,
				1922178D1FBDA5BE00D7FDFE /* Fuel.swift in Sources */,
				840D63CF1FE9A56C007A1F16 /* FeaturesCollectionViewCell.swift in Sources */,
				840D63C01FE9A4BE007A1F16 /* AvailibilityCalendarCell.swift in Sources */,
				19017047200BD68600E21080 /* UserRentingRequestsTableViewCell.swift in Sources */,
				840D63C91FE9A534007A1F16 /* OfferingViewController.swift in Sources */,
				841D10861FF3DCAA00960FA3 /* AdvertisePageContentBasicDetails.swift in Sources */,
				194C2E9A1FE7C44200E34EF8 /* SelectableItem.swift in Sources */,
				199A68671FFD03FE00047E5D /* SearchViewController.swift in Sources */,
				840D63CE1FE9A56C007A1F16 /* BasicDataCollectionViewCell.swift in Sources */,
				19AFCF1F200A287400758E91 /* MenuControl.swift in Sources */,
				1901703D200BA55D00E21080 /* HomePageViewController.swift in Sources */,
			);
			runOnlyForDeploymentPostprocessing = 0;
		};
		2AD4E9571FA8A2260013D67E /* Sources */ = {
			isa = PBXSourcesBuildPhase;
			buildActionMask = 2147483647;
			files = (
				2AD4E9601FA8A2260013D67E /* iosTests.swift in Sources */,
			);
			runOnlyForDeploymentPostprocessing = 0;
		};
		2AD4E9621FA8A2260013D67E /* Sources */ = {
			isa = PBXSourcesBuildPhase;
			buildActionMask = 2147483647;
			files = (
				2AD4E96B1FA8A2260013D67E /* iosUITests.swift in Sources */,
			);
			runOnlyForDeploymentPostprocessing = 0;
		};
/* End PBXSourcesBuildPhase section */

/* Begin PBXTargetDependency section */
		2AD4E95D1FA8A2260013D67E /* PBXTargetDependency */ = {
			isa = PBXTargetDependency;
			target = 2AD4E9431FA8A2250013D67E /* ios */;
			targetProxy = 2AD4E95C1FA8A2260013D67E /* PBXContainerItemProxy */;
		};
		2AD4E9681FA8A2260013D67E /* PBXTargetDependency */ = {
			isa = PBXTargetDependency;
			target = 2AD4E9431FA8A2250013D67E /* ios */;
			targetProxy = 2AD4E9671FA8A2260013D67E /* PBXContainerItemProxy */;
		};
/* End PBXTargetDependency section */

/* Begin XCBuildConfiguration section */
		2AD4E96D1FA8A2260013D67E /* Debug */ = {
			isa = XCBuildConfiguration;
			buildSettings = {
				ALWAYS_SEARCH_USER_PATHS = NO;
				CLANG_ANALYZER_NONNULL = YES;
				CLANG_ANALYZER_NUMBER_OBJECT_CONVERSION = YES_AGGRESSIVE;
				CLANG_CXX_LANGUAGE_STANDARD = "gnu++14";
				CLANG_CXX_LIBRARY = "libc++";
				CLANG_ENABLE_MODULES = YES;
				CLANG_ENABLE_OBJC_ARC = YES;
				CLANG_WARN_BLOCK_CAPTURE_AUTORELEASING = YES;
				CLANG_WARN_BOOL_CONVERSION = YES;
				CLANG_WARN_COMMA = YES;
				CLANG_WARN_CONSTANT_CONVERSION = YES;
				CLANG_WARN_DIRECT_OBJC_ISA_USAGE = YES_ERROR;
				CLANG_WARN_DOCUMENTATION_COMMENTS = YES;
				CLANG_WARN_EMPTY_BODY = YES;
				CLANG_WARN_ENUM_CONVERSION = YES;
				CLANG_WARN_INFINITE_RECURSION = YES;
				CLANG_WARN_INT_CONVERSION = YES;
				CLANG_WARN_NON_LITERAL_NULL_CONVERSION = YES;
				CLANG_WARN_OBJC_LITERAL_CONVERSION = YES;
				CLANG_WARN_OBJC_ROOT_CLASS = YES_ERROR;
				CLANG_WARN_RANGE_LOOP_ANALYSIS = YES;
				CLANG_WARN_STRICT_PROTOTYPES = YES;
				CLANG_WARN_SUSPICIOUS_MOVE = YES;
				CLANG_WARN_UNGUARDED_AVAILABILITY = YES_AGGRESSIVE;
				CLANG_WARN_UNREACHABLE_CODE = YES;
				CLANG_WARN__DUPLICATE_METHOD_MATCH = YES;
				CODE_SIGN_IDENTITY = "iPhone Developer";
				COPY_PHASE_STRIP = NO;
				DEBUG_INFORMATION_FORMAT = dwarf;
				ENABLE_STRICT_OBJC_MSGSEND = YES;
				ENABLE_TESTABILITY = YES;
				GCC_C_LANGUAGE_STANDARD = gnu11;
				GCC_DYNAMIC_NO_PIC = NO;
				GCC_NO_COMMON_BLOCKS = YES;
				GCC_OPTIMIZATION_LEVEL = 0;
				GCC_PREPROCESSOR_DEFINITIONS = (
					"DEBUG=1",
					"$(inherited)",
				);
				GCC_WARN_64_TO_32_BIT_CONVERSION = YES;
				GCC_WARN_ABOUT_RETURN_TYPE = YES_ERROR;
				GCC_WARN_UNDECLARED_SELECTOR = YES;
				GCC_WARN_UNINITIALIZED_AUTOS = YES_AGGRESSIVE;
				GCC_WARN_UNUSED_FUNCTION = YES;
				GCC_WARN_UNUSED_VARIABLE = YES;
				IPHONEOS_DEPLOYMENT_TARGET = 11.0;
				MTL_ENABLE_DEBUG_INFO = YES;
				ONLY_ACTIVE_ARCH = YES;
				SDKROOT = iphoneos;
				SWIFT_ACTIVE_COMPILATION_CONDITIONS = DEBUG;
				SWIFT_OPTIMIZATION_LEVEL = "-Onone";
			};
			name = Debug;
		};
		2AD4E96E1FA8A2260013D67E /* Release */ = {
			isa = XCBuildConfiguration;
			buildSettings = {
				ALWAYS_SEARCH_USER_PATHS = NO;
				CLANG_ANALYZER_NONNULL = YES;
				CLANG_ANALYZER_NUMBER_OBJECT_CONVERSION = YES_AGGRESSIVE;
				CLANG_CXX_LANGUAGE_STANDARD = "gnu++14";
				CLANG_CXX_LIBRARY = "libc++";
				CLANG_ENABLE_MODULES = YES;
				CLANG_ENABLE_OBJC_ARC = YES;
				CLANG_WARN_BLOCK_CAPTURE_AUTORELEASING = YES;
				CLANG_WARN_BOOL_CONVERSION = YES;
				CLANG_WARN_COMMA = YES;
				CLANG_WARN_CONSTANT_CONVERSION = YES;
				CLANG_WARN_DIRECT_OBJC_ISA_USAGE = YES_ERROR;
				CLANG_WARN_DOCUMENTATION_COMMENTS = YES;
				CLANG_WARN_EMPTY_BODY = YES;
				CLANG_WARN_ENUM_CONVERSION = YES;
				CLANG_WARN_INFINITE_RECURSION = YES;
				CLANG_WARN_INT_CONVERSION = YES;
				CLANG_WARN_NON_LITERAL_NULL_CONVERSION = YES;
				CLANG_WARN_OBJC_LITERAL_CONVERSION = YES;
				CLANG_WARN_OBJC_ROOT_CLASS = YES_ERROR;
				CLANG_WARN_RANGE_LOOP_ANALYSIS = YES;
				CLANG_WARN_STRICT_PROTOTYPES = YES;
				CLANG_WARN_SUSPICIOUS_MOVE = YES;
				CLANG_WARN_UNGUARDED_AVAILABILITY = YES_AGGRESSIVE;
				CLANG_WARN_UNREACHABLE_CODE = YES;
				CLANG_WARN__DUPLICATE_METHOD_MATCH = YES;
				CODE_SIGN_IDENTITY = "iPhone Developer";
				COPY_PHASE_STRIP = NO;
				DEBUG_INFORMATION_FORMAT = "dwarf-with-dsym";
				ENABLE_NS_ASSERTIONS = NO;
				ENABLE_STRICT_OBJC_MSGSEND = YES;
				GCC_C_LANGUAGE_STANDARD = gnu11;
				GCC_NO_COMMON_BLOCKS = YES;
				GCC_WARN_64_TO_32_BIT_CONVERSION = YES;
				GCC_WARN_ABOUT_RETURN_TYPE = YES_ERROR;
				GCC_WARN_UNDECLARED_SELECTOR = YES;
				GCC_WARN_UNINITIALIZED_AUTOS = YES_AGGRESSIVE;
				GCC_WARN_UNUSED_FUNCTION = YES;
				GCC_WARN_UNUSED_VARIABLE = YES;
				IPHONEOS_DEPLOYMENT_TARGET = 11.0;
				MTL_ENABLE_DEBUG_INFO = NO;
				SDKROOT = iphoneos;
				SWIFT_OPTIMIZATION_LEVEL = "-Owholemodule";
				VALIDATE_PRODUCT = YES;
			};
			name = Release;
		};
		2AD4E9701FA8A2260013D67E /* Debug */ = {
			isa = XCBuildConfiguration;
			baseConfigurationReference = 213DBECC7DCDEFB7A18EE30C /* Pods-ios.debug.xcconfig */;
			buildSettings = {
				ASSETCATALOG_COMPILER_APPICON_NAME = AppIcon;
				CODE_SIGN_ENTITLEMENTS = ios/ios.entitlements;
				CODE_SIGN_STYLE = Automatic;
				DEVELOPMENT_TEAM = C7PLUFBAM2;
				INFOPLIST_FILE = ios/Info.plist;
				LD_RUNPATH_SEARCH_PATHS = "$(inherited) @executable_path/Frameworks";
				PRODUCT_BUNDLE_IDENTIFIER = "de.lmu.ifi.mobile.com.cars.ios-cars";
				PRODUCT_NAME = "$(TARGET_NAME)";
				PROVISIONING_PROFILE_SPECIFIER = "";
				SWIFT_VERSION = 3.0;
				TARGETED_DEVICE_FAMILY = "1,2";
			};
			name = Debug;
		};
		2AD4E9711FA8A2260013D67E /* Release */ = {
			isa = XCBuildConfiguration;
			baseConfigurationReference = 3B72885CBF880C627F6B01F6 /* Pods-ios.release.xcconfig */;
			buildSettings = {
				ASSETCATALOG_COMPILER_APPICON_NAME = AppIcon;
				CODE_SIGN_ENTITLEMENTS = ios/ios.entitlements;
				CODE_SIGN_STYLE = Automatic;
				DEVELOPMENT_TEAM = C7PLUFBAM2;
				INFOPLIST_FILE = ios/Info.plist;
				LD_RUNPATH_SEARCH_PATHS = "$(inherited) @executable_path/Frameworks";
				PRODUCT_BUNDLE_IDENTIFIER = "de.lmu.ifi.mobile.com.cars.ios-cars";
				PRODUCT_NAME = "$(TARGET_NAME)";
				PROVISIONING_PROFILE_SPECIFIER = "";
				SWIFT_VERSION = 3.0;
				TARGETED_DEVICE_FAMILY = "1,2";
			};
			name = Release;
		};
		2AD4E9731FA8A2260013D67E /* Debug */ = {
			isa = XCBuildConfiguration;
			baseConfigurationReference = F6AFF9A1A5EFD03C8D19F2AF /* Pods-iosTests.debug.xcconfig */;
			buildSettings = {
				ALWAYS_EMBED_SWIFT_STANDARD_LIBRARIES = YES;
				BUNDLE_LOADER = "$(TEST_HOST)";
				CODE_SIGN_STYLE = Automatic;
				DEVELOPMENT_TEAM = 998SP95RH3;
				INFOPLIST_FILE = iosTests/Info.plist;
				LD_RUNPATH_SEARCH_PATHS = "$(inherited) @executable_path/Frameworks @loader_path/Frameworks";
				PRODUCT_BUNDLE_IDENTIFIER = com.cars.iosTests;
				PRODUCT_NAME = "$(TARGET_NAME)";
				SWIFT_VERSION = 4.0;
				TARGETED_DEVICE_FAMILY = "1,2";
				TEST_HOST = "$(BUILT_PRODUCTS_DIR)/ios.app/ios";
			};
			name = Debug;
		};
		2AD4E9741FA8A2260013D67E /* Release */ = {
			isa = XCBuildConfiguration;
			baseConfigurationReference = 8DA968DE14609EF2A73A6C38 /* Pods-iosTests.release.xcconfig */;
			buildSettings = {
				ALWAYS_EMBED_SWIFT_STANDARD_LIBRARIES = YES;
				BUNDLE_LOADER = "$(TEST_HOST)";
				CODE_SIGN_STYLE = Automatic;
				DEVELOPMENT_TEAM = 998SP95RH3;
				INFOPLIST_FILE = iosTests/Info.plist;
				LD_RUNPATH_SEARCH_PATHS = "$(inherited) @executable_path/Frameworks @loader_path/Frameworks";
				PRODUCT_BUNDLE_IDENTIFIER = com.cars.iosTests;
				PRODUCT_NAME = "$(TARGET_NAME)";
				SWIFT_VERSION = 4.0;
				TARGETED_DEVICE_FAMILY = "1,2";
				TEST_HOST = "$(BUILT_PRODUCTS_DIR)/ios.app/ios";
			};
			name = Release;
		};
		2AD4E9761FA8A2260013D67E /* Debug */ = {
			isa = XCBuildConfiguration;
			baseConfigurationReference = 97136420DF96A709AE58DA35 /* Pods-iosUITests.debug.xcconfig */;
			buildSettings = {
				ALWAYS_EMBED_SWIFT_STANDARD_LIBRARIES = YES;
				CODE_SIGN_STYLE = Automatic;
				DEVELOPMENT_TEAM = 998SP95RH3;
				INFOPLIST_FILE = iosUITests/Info.plist;
				LD_RUNPATH_SEARCH_PATHS = "$(inherited) @executable_path/Frameworks @loader_path/Frameworks";
				PRODUCT_BUNDLE_IDENTIFIER = com.cars.iosUITests;
				PRODUCT_NAME = "$(TARGET_NAME)";
				SWIFT_VERSION = 4.0;
				TARGETED_DEVICE_FAMILY = "1,2";
				TEST_TARGET_NAME = ios;
			};
			name = Debug;
		};
		2AD4E9771FA8A2260013D67E /* Release */ = {
			isa = XCBuildConfiguration;
			baseConfigurationReference = 9A68992EA56E6D75B5F67FFB /* Pods-iosUITests.release.xcconfig */;
			buildSettings = {
				ALWAYS_EMBED_SWIFT_STANDARD_LIBRARIES = YES;
				CODE_SIGN_STYLE = Automatic;
				DEVELOPMENT_TEAM = 998SP95RH3;
				INFOPLIST_FILE = iosUITests/Info.plist;
				LD_RUNPATH_SEARCH_PATHS = "$(inherited) @executable_path/Frameworks @loader_path/Frameworks";
				PRODUCT_BUNDLE_IDENTIFIER = com.cars.iosUITests;
				PRODUCT_NAME = "$(TARGET_NAME)";
				SWIFT_VERSION = 4.0;
				TARGETED_DEVICE_FAMILY = "1,2";
				TEST_TARGET_NAME = ios;
			};
			name = Release;
		};
/* End XCBuildConfiguration section */

/* Begin XCConfigurationList section */
		2AD4E93F1FA8A2250013D67E /* Build configuration list for PBXProject "ios" */ = {
			isa = XCConfigurationList;
			buildConfigurations = (
				2AD4E96D1FA8A2260013D67E /* Debug */,
				2AD4E96E1FA8A2260013D67E /* Release */,
			);
			defaultConfigurationIsVisible = 0;
			defaultConfigurationName = Release;
		};
		2AD4E96F1FA8A2260013D67E /* Build configuration list for PBXNativeTarget "ios" */ = {
			isa = XCConfigurationList;
			buildConfigurations = (
				2AD4E9701FA8A2260013D67E /* Debug */,
				2AD4E9711FA8A2260013D67E /* Release */,
			);
			defaultConfigurationIsVisible = 0;
			defaultConfigurationName = Release;
		};
		2AD4E9721FA8A2260013D67E /* Build configuration list for PBXNativeTarget "iosTests" */ = {
			isa = XCConfigurationList;
			buildConfigurations = (
				2AD4E9731FA8A2260013D67E /* Debug */,
				2AD4E9741FA8A2260013D67E /* Release */,
			);
			defaultConfigurationIsVisible = 0;
			defaultConfigurationName = Release;
		};
		2AD4E9751FA8A2260013D67E /* Build configuration list for PBXNativeTarget "iosUITests" */ = {
			isa = XCConfigurationList;
			buildConfigurations = (
				2AD4E9761FA8A2260013D67E /* Debug */,
				2AD4E9771FA8A2260013D67E /* Release */,
			);
			defaultConfigurationIsVisible = 0;
			defaultConfigurationName = Release;
		};
/* End XCConfigurationList section */

/* Begin XCVersionGroup section */
		2AD4E94E1FA8A2250013D67E /* ios.xcdatamodeld */ = {
			isa = XCVersionGroup;
			children = (
				2AD4E94F1FA8A2250013D67E /* ios.xcdatamodel */,
			);
			currentVersion = 2AD4E94F1FA8A2250013D67E /* ios.xcdatamodel */;
			path = ios.xcdatamodeld;
			sourceTree = "<group>";
			versionGroupType = wrapper.xcdatamodel;
		};
/* End XCVersionGroup section */
	};
	rootObject = 2AD4E93C1FA8A2250013D67E /* Project object */;
}
